// !$*UTF8*$!
{
	archiveVersion = 1;
	classes = {
	};
	objectVersion = 46;
	objects = {

/* Begin PBXBuildFile section */
		1D10D7A41B1C1BB7007CDB66 /* KidAboutYouVC.swift in Sources */ = {isa = PBXBuildFile; fileRef = 1D10D7A31B1C1BB7007CDB66 /* KidAboutYouVC.swift */; };
		1D10D7A61B1C2C33007CDB66 /* SignInVC.swift in Sources */ = {isa = PBXBuildFile; fileRef = 1D10D7A51B1C2C33007CDB66 /* SignInVC.swift */; };
		1D10D7A81B1C33CF007CDB66 /* CalendarVC.swift in Sources */ = {isa = PBXBuildFile; fileRef = 1D10D7A71B1C33CF007CDB66 /* CalendarVC.swift */; };
		1D10D7AA1B1C38FE007CDB66 /* BasicInfoVC.swift in Sources */ = {isa = PBXBuildFile; fileRef = 1D10D7A91B1C38FE007CDB66 /* BasicInfoVC.swift */; };
		1D1228DC1B424AA1001CA6A4 /* Carpool.storyboard in Resources */ = {isa = PBXBuildFile; fileRef = 1D1228DB1B424AA1001CA6A4 /* Carpool.storyboard */; };
		1D1228DE1B424AC6001CA6A4 /* Login.storyboard in Resources */ = {isa = PBXBuildFile; fileRef = 1D1228DD1B424AC6001CA6A4 /* Login.storyboard */; };
		1D1228E01B424AD9001CA6A4 /* TeamAccount.storyboard in Resources */ = {isa = PBXBuildFile; fileRef = 1D1228DF1B424AD9001CA6A4 /* TeamAccount.storyboard */; };
		1D1228E21B42635D001CA6A4 /* DataMnager + Invitation.swift in Sources */ = {isa = PBXBuildFile; fileRef = 1D1228E11B42635D001CA6A4 /* DataMnager + Invitation.swift */; };
		1D19D5231B3FF569007A716A /* FrequencyCell.swift in Sources */ = {isa = PBXBuildFile; fileRef = 1D19D5221B3FF569007A716A /* FrequencyCell.swift */; };
		1D1FD6651B1BFC4A00287FA0 /* AppDelegate.swift in Sources */ = {isa = PBXBuildFile; fileRef = 1D1FD6641B1BFC4A00287FA0 /* AppDelegate.swift */; };
		1D1FD66A1B1BFC4A00287FA0 /* Main.storyboard in Resources */ = {isa = PBXBuildFile; fileRef = 1D1FD6681B1BFC4A00287FA0 /* Main.storyboard */; };
		1D1FD66C1B1BFC4A00287FA0 /* Images.xcassets in Resources */ = {isa = PBXBuildFile; fileRef = 1D1FD66B1B1BFC4A00287FA0 /* Images.xcassets */; };
		1D1FD66F1B1BFC4A00287FA0 /* LaunchScreen.xib in Resources */ = {isa = PBXBuildFile; fileRef = 1D1FD66D1B1BFC4A00287FA0 /* LaunchScreen.xib */; };
		1D1FD67B1B1BFC4A00287FA0 /* GoKidTests.swift in Sources */ = {isa = PBXBuildFile; fileRef = 1D1FD67A1B1BFC4A00287FA0 /* GoKidTests.swift */; };
		1D1FD6881B1C001E00287FA0 /* HelperFunction.swift in Sources */ = {isa = PBXBuildFile; fileRef = 1D1FD6861B1C001E00287FA0 /* HelperFunction.swift */; };
		1D1FD6911B1C048600287FA0 /* MenuVC.swift in Sources */ = {isa = PBXBuildFile; fileRef = 1D1FD6901B1C048600287FA0 /* MenuVC.swift */; };
		1D1FD6931B1C04D100287FA0 /* MainStackVC.swift in Sources */ = {isa = PBXBuildFile; fileRef = 1D1FD6921B1C04D100287FA0 /* MainStackVC.swift */; };
		1D1FD6951B1C103500287FA0 /* UIView+Pop.swift in Sources */ = {isa = PBXBuildFile; fileRef = 1D1FD6941B1C103500287FA0 /* UIView+Pop.swift */; };
		1D1FD6981B1C11C100287FA0 /* UserManager.swift in Sources */ = {isa = PBXBuildFile; fileRef = 1D1FD6971B1C11C100287FA0 /* UserManager.swift */; };
		1D3554591B3FD14200044A3F /* DataMnager + Notification.swift in Sources */ = {isa = PBXBuildFile; fileRef = 1D3554581B3FD14200044A3F /* DataMnager + Notification.swift */; };
		1D368F161B40FFCD00FB4D2D /* TimeAndDateVC + Picker.swift in Sources */ = {isa = PBXBuildFile; fileRef = 1D368F151B40FFCD00FB4D2D /* TimeAndDateVC + Picker.swift */; };
		1D39AAB01B3FFD7C00215D6E /* FrequencyHeader.swift in Sources */ = {isa = PBXBuildFile; fileRef = 1D39AAAF1B3FFD7C00215D6E /* FrequencyHeader.swift */; };
		1D39AAB31B40C2DD00215D6E /* VolunteerVC + ActionSheet.swift in Sources */ = {isa = PBXBuildFile; fileRef = 1D39AAB21B40C2DD00215D6E /* VolunteerVC + ActionSheet.swift */; };
		1D3F65141B2005D500CCF6A1 /* LocationVC.swift in Sources */ = {isa = PBXBuildFile; fileRef = 1D3F65131B2005D500CCF6A1 /* LocationVC.swift */; };
		1D3F65161B2005EC00CCF6A1 /* LocationInputVC.swift in Sources */ = {isa = PBXBuildFile; fileRef = 1D3F65151B2005EC00CCF6A1 /* LocationInputVC.swift */; };
		1D3F65181B2073D700CCF6A1 /* RecentAddressCell.swift in Sources */ = {isa = PBXBuildFile; fileRef = 1D3F65171B2073D700CCF6A1 /* RecentAddressCell.swift */; };
		1D3F651A1B2079E400CCF6A1 /* VolunteerVC.swift in Sources */ = {isa = PBXBuildFile; fileRef = 1D3F65191B2079E400CCF6A1 /* VolunteerVC.swift */; };
		1D3F651C1B207D3200CCF6A1 /* VolunteerCell.swift in Sources */ = {isa = PBXBuildFile; fileRef = 1D3F651B1B207D3200CCF6A1 /* VolunteerCell.swift */; };
		1D3F651F1B207D6B00CCF6A1 /* VolunteerTimeCell.swift in Sources */ = {isa = PBXBuildFile; fileRef = 1D3F651E1B207D6B00CCF6A1 /* VolunteerTimeCell.swift */; };
		1D3F65231B207FBA00CCF6A1 /* VolunteerModel.swift in Sources */ = {isa = PBXBuildFile; fileRef = 1D3F65221B207FBA00CCF6A1 /* VolunteerModel.swift */; };
		1D3F65251B208A9600CCF6A1 /* InviteParentsVC.swift in Sources */ = {isa = PBXBuildFile; fileRef = 1D3F65241B208A9600CCF6A1 /* InviteParentsVC.swift */; };
		1D3F65271B20986C00CCF6A1 /* CarpoolSucceedVC.swift in Sources */ = {isa = PBXBuildFile; fileRef = 1D3F65261B20986C00CCF6A1 /* CarpoolSucceedVC.swift */; };
		1D3F652D1B237F9E00CCF6A1 /* BaseVC.swift in Sources */ = {isa = PBXBuildFile; fileRef = 1D3F652C1B237F9E00CCF6A1 /* BaseVC.swift */; };
		1D533D1D1B29533600F848B8 /* Fabric.framework in Frameworks */ = {isa = PBXBuildFile; fileRef = 1D533D1B1B29533600F848B8 /* Fabric.framework */; };
		1D533D1E1B29533600F848B8 /* Crashlytics.framework in Frameworks */ = {isa = PBXBuildFile; fileRef = 1D533D1C1B29533600F848B8 /* Crashlytics.framework */; };
		1D7D8DF31B3A76D8002D29A5 /* DataManager + Carpool.swift in Sources */ = {isa = PBXBuildFile; fileRef = 1D7D8DF21B3A76D8002D29A5 /* DataManager + Carpool.swift */; };
		1D891F0F1B23FDD8006FD961 /* SwiftAddressBookDataStructures.swift in Sources */ = {isa = PBXBuildFile; fileRef = 1D891F081B23FDD8006FD961 /* SwiftAddressBookDataStructures.swift */; };
		1D891F101B23FDD8006FD961 /* SwiftAddressBookGroup.swift in Sources */ = {isa = PBXBuildFile; fileRef = 1D891F091B23FDD8006FD961 /* SwiftAddressBookGroup.swift */; };
		1D891F111B23FDD8006FD961 /* SwiftAddressBookHelperMethods.swift in Sources */ = {isa = PBXBuildFile; fileRef = 1D891F0A1B23FDD8006FD961 /* SwiftAddressBookHelperMethods.swift */; };
		1D891F121B23FDD8006FD961 /* SwiftAddressBookPerson.swift in Sources */ = {isa = PBXBuildFile; fileRef = 1D891F0B1B23FDD8006FD961 /* SwiftAddressBookPerson.swift */; };
		1D891F131B23FDD8006FD961 /* SwiftAddressBookRecord.swift in Sources */ = {isa = PBXBuildFile; fileRef = 1D891F0C1B23FDD8006FD961 /* SwiftAddressBookRecord.swift */; };
		1D891F141B23FDD8006FD961 /* SwiftAddressBookSource.swift in Sources */ = {isa = PBXBuildFile; fileRef = 1D891F0D1B23FDD8006FD961 /* SwiftAddressBookSource.swift */; };
		1D891F151B23FDD8006FD961 /* SwiftAddressBookWrapper.swift in Sources */ = {isa = PBXBuildFile; fileRef = 1D891F0E1B23FDD8006FD961 /* SwiftAddressBookWrapper.swift */; };
		1D891F171B23FFA0006FD961 /* ContactPickerVC.swift in Sources */ = {isa = PBXBuildFile; fileRef = 1D891F161B23FFA0006FD961 /* ContactPickerVC.swift */; };
		1D891F191B240051006FD961 /* ContactCell.swift in Sources */ = {isa = PBXBuildFile; fileRef = 1D891F181B240051006FD961 /* ContactCell.swift */; };
		1D891F211B242B89006FD961 /* SwiftyJSON.swift in Sources */ = {isa = PBXBuildFile; fileRef = 1D891F201B242B89006FD961 /* SwiftyJSON.swift */; };
		1D891F231B244536006FD961 /* DataManager.swift in Sources */ = {isa = PBXBuildFile; fileRef = 1D891F221B244536006FD961 /* DataManager.swift */; };
		1D891F251B24635A006FD961 /* ContactNameCell.swift in Sources */ = {isa = PBXBuildFile; fileRef = 1D891F241B246359006FD961 /* ContactNameCell.swift */; };
		1D891F271B2734C2006FD961 /* TeamMemberModel.swift in Sources */ = {isa = PBXBuildFile; fileRef = 1D891F261B2734C2006FD961 /* TeamMemberModel.swift */; };
		1D891F291B273535006FD961 /* AddTeamMemberCell.swift in Sources */ = {isa = PBXBuildFile; fileRef = 1D891F281B273535006FD961 /* AddTeamMemberCell.swift */; };
		1D891F2B1B273C2E006FD961 /* AddTeamMemberVC.swift in Sources */ = {isa = PBXBuildFile; fileRef = 1D891F2A1B273C2E006FD961 /* AddTeamMemberVC.swift */; };
		1D8F78EE1B3672D300C78CAF /* BaseTVC.swift in Sources */ = {isa = PBXBuildFile; fileRef = 1D8F78ED1B3672D300C78CAF /* BaseTVC.swift */; };
		1D8F78F01B36733F00C78CAF /* BaseCVC.swift in Sources */ = {isa = PBXBuildFile; fileRef = 1D8F78EF1B36733F00C78CAF /* BaseCVC.swift */; };
		1D8F78F31B36994A00C78CAF /* CalendarDetailVC.swift in Sources */ = {isa = PBXBuildFile; fileRef = 1D8F78F21B36994A00C78CAF /* CalendarDetailVC.swift */; };
		1D8F78F91B36A07F00C78CAF /* CalendarNotificationCell.swift in Sources */ = {isa = PBXBuildFile; fileRef = 1D8F78F51B36A07F00C78CAF /* CalendarNotificationCell.swift */; };
		1D8F78FA1B36A07F00C78CAF /* CalendarAddCell.swift in Sources */ = {isa = PBXBuildFile; fileRef = 1D8F78F61B36A07F00C78CAF /* CalendarAddCell.swift */; };
		1D8F78FB1B36A07F00C78CAF /* CalendarDateCell.swift in Sources */ = {isa = PBXBuildFile; fileRef = 1D8F78F71B36A07F00C78CAF /* CalendarDateCell.swift */; };
		1D8F78FC1B36A07F00C78CAF /* CalendarCell.swift in Sources */ = {isa = PBXBuildFile; fileRef = 1D8F78F81B36A07F00C78CAF /* CalendarCell.swift */; };
		1D8F78FE1B36A18300C78CAF /* CalendarModel.swift in Sources */ = {isa = PBXBuildFile; fileRef = 1D8F78FD1B36A18300C78CAF /* CalendarModel.swift */; };
		1D8F79001B36A47A00C78CAF /* ImageManager.swift in Sources */ = {isa = PBXBuildFile; fileRef = 1D8F78FF1B36A47A00C78CAF /* ImageManager.swift */; };
		1D8F79021B36A64D00C78CAF /* DataManager + Fake.swift in Sources */ = {isa = PBXBuildFile; fileRef = 1D8F79011B36A64D00C78CAF /* DataManager + Fake.swift */; };
		1D975A381B1F40D500CD4D89 /* InviteInfoVC.swift in Sources */ = {isa = PBXBuildFile; fileRef = 1D975A371B1F40D500CD4D89 /* InviteInfoVC.swift */; };
		1D975A3A1B1F40E500CD4D89 /* InviteConfirmVC.swift in Sources */ = {isa = PBXBuildFile; fileRef = 1D975A391B1F40E500CD4D89 /* InviteConfirmVC.swift */; };
		1D975A3C1B1F7C4E00CD4D89 /* TimeAndDateVC.swift in Sources */ = {isa = PBXBuildFile; fileRef = 1D975A3B1B1F7C4E00CD4D89 /* TimeAndDateVC.swift */; };
		1D975A3E1B1F7FF700CD4D89 /* FrequencyPickerVC.swift in Sources */ = {isa = PBXBuildFile; fileRef = 1D975A3D1B1F7FF700CD4D89 /* FrequencyPickerVC.swift */; };
		1D975A431B1F94B500CD4D89 /* TDTextCell.swift in Sources */ = {isa = PBXBuildFile; fileRef = 1D975A421B1F94B500CD4D89 /* TDTextCell.swift */; };
		1D975A451B1F9EB800CD4D89 /* TDSwitchCell.swift in Sources */ = {isa = PBXBuildFile; fileRef = 1D975A441B1F9EB800CD4D89 /* TDSwitchCell.swift */; };
		1D975A471B1FA09100CD4D89 /* TDCellModel.swift in Sources */ = {isa = PBXBuildFile; fileRef = 1D975A461B1FA09100CD4D89 /* TDCellModel.swift */; };
		1D975A491B1FA72500CD4D89 /* TDEmptyCell.swift in Sources */ = {isa = PBXBuildFile; fileRef = 1D975A481B1FA72500CD4D89 /* TDEmptyCell.swift */; };
		1D975A4C1B1FACB400CD4D89 /* DateTimePicker.m in Sources */ = {isa = PBXBuildFile; fileRef = 1D975A4B1B1FACB400CD4D89 /* DateTimePicker.m */; };
		1DA789441B23962200B391E8 /* ColorManager.swift in Sources */ = {isa = PBXBuildFile; fileRef = 1DA789431B23962200B391E8 /* ColorManager.swift */; };
		1DA789461B23C42700B391E8 /* OnboardVC.swift in Sources */ = {isa = PBXBuildFile; fileRef = 1DA789451B23C42700B391E8 /* OnboardVC.swift */; };
		1DC765C21B3274E800D9D306 /* DataManager + Sign.swift in Sources */ = {isa = PBXBuildFile; fileRef = 1DC765C11B3274E800D9D306 /* DataManager + Sign.swift */; };
		1DC765C41B32754800D9D306 /* DataManager + Team.swift in Sources */ = {isa = PBXBuildFile; fileRef = 1DC765C31B32754800D9D306 /* DataManager + Team.swift */; };
		1DD1BAAC1B2AAF2100D1BBA3 /* CarpoolModel.swift in Sources */ = {isa = PBXBuildFile; fileRef = 1DD1BAAB1B2AAF2100D1BBA3 /* CarpoolModel.swift */; };
		1DD6A4D41B3BA565006A97ED /* PlacePickerVC.swift in Sources */ = {isa = PBXBuildFile; fileRef = 1DD6A4D31B3BA565006A97ED /* PlacePickerVC.swift */; };
		1DD6A4D61B3BA916006A97ED /* PlaceResultCell.swift in Sources */ = {isa = PBXBuildFile; fileRef = 1DD6A4D51B3BA916006A97ED /* PlaceResultCell.swift */; };
		1DD6A4DC1B3BD32B006A97ED /* ZGNavigationTitleView.m in Sources */ = {isa = PBXBuildFile; fileRef = 1DD6A4D91B3BD32B006A97ED /* ZGNavigationTitleView.m */; };
		1DD6A4DD1B3BD32B006A97ED /* ZGNavigationBarTitleViewController.m in Sources */ = {isa = PBXBuildFile; fileRef = 1DD6A4DA1B3BD32B006A97ED /* ZGNavigationBarTitleViewController.m */; };
		1DEFF16B1B4937EA0094B54E /* InviteRelationshipVC.swift in Sources */ = {isa = PBXBuildFile; fileRef = 1DEFF16A1B4937EA0094B54E /* InviteRelationshipVC.swift */; };
		1DF771FD1B3D2899003BA938 /* DataMnager + Verification.swift in Sources */ = {isa = PBXBuildFile; fileRef = 1DF771FC1B3D2899003BA938 /* DataMnager + Verification.swift */; };
		1DFBBE961B1C5A6300630440 /* MemberProfileVC.swift in Sources */ = {isa = PBXBuildFile; fileRef = 1DFBBE951B1C5A6200630440 /* MemberProfileVC.swift */; };
		1DFBBE981B1C6DF500630440 /* Phone#VC.swift in Sources */ = {isa = PBXBuildFile; fileRef = 1DFBBE971B1C6DF500630440 /* Phone#VC.swift */; };
		1DFBBE9A1B1C6E1400630440 /* PhoneVerifyVC.swift in Sources */ = {isa = PBXBuildFile; fileRef = 1DFBBE991B1C6E1400630440 /* PhoneVerifyVC.swift */; };
		1DFBBE9C1B1C78DC00630440 /* SignUpVC.swift in Sources */ = {isa = PBXBuildFile; fileRef = 1DFBBE9B1B1C78DC00630440 /* SignUpVC.swift */; };
		1DFBBEA01B1C8B5700630440 /* TeamAccountVC.swift in Sources */ = {isa = PBXBuildFile; fileRef = 1DFBBE9F1B1C8B5700630440 /* TeamAccountVC.swift */; };
		1DFBBEA21B1C8CC900630440 /* TeamAccountCell.swift in Sources */ = {isa = PBXBuildFile; fileRef = 1DFBBEA11B1C8CC900630440 /* TeamAccountCell.swift */; };
		ECE57027C4889A619FFDC703 /* libPods.a in Frameworks */ = {isa = PBXBuildFile; fileRef = EF40D0E37CF42771C6294E4C /* libPods.a */; };
/* End PBXBuildFile section */

/* Begin PBXContainerItemProxy section */
		1D1FD6751B1BFC4A00287FA0 /* PBXContainerItemProxy */ = {
			isa = PBXContainerItemProxy;
			containerPortal = 1D1FD6571B1BFC4A00287FA0 /* Project object */;
			proxyType = 1;
			remoteGlobalIDString = 1D1FD65E1B1BFC4A00287FA0;
			remoteInfo = GoKid;
		};
/* End PBXContainerItemProxy section */

/* Begin PBXFileReference section */
		1D10D7A31B1C1BB7007CDB66 /* KidAboutYouVC.swift */ = {isa = PBXFileReference; fileEncoding = 4; lastKnownFileType = sourcecode.swift; name = KidAboutYouVC.swift; path = ViewControllers/KidAboutYouVC.swift; sourceTree = "<group>"; };
		1D10D7A51B1C2C33007CDB66 /* SignInVC.swift */ = {isa = PBXFileReference; fileEncoding = 4; lastKnownFileType = sourcecode.swift; name = SignInVC.swift; path = ViewControllers/SignInVC.swift; sourceTree = "<group>"; };
		1D10D7A71B1C33CF007CDB66 /* CalendarVC.swift */ = {isa = PBXFileReference; fileEncoding = 4; lastKnownFileType = sourcecode.swift; name = CalendarVC.swift; path = ViewControllers/CalendarVC.swift; sourceTree = "<group>"; };
		1D10D7A91B1C38FE007CDB66 /* BasicInfoVC.swift */ = {isa = PBXFileReference; fileEncoding = 4; lastKnownFileType = sourcecode.swift; name = BasicInfoVC.swift; path = ViewControllers/BasicInfoVC.swift; sourceTree = "<group>"; };
		1D1228DB1B424AA1001CA6A4 /* Carpool.storyboard */ = {isa = PBXFileReference; fileEncoding = 4; lastKnownFileType = file.storyboard; name = Carpool.storyboard; path = ViewControllers/Carpool.storyboard; sourceTree = "<group>"; };
		1D1228DD1B424AC6001CA6A4 /* Login.storyboard */ = {isa = PBXFileReference; fileEncoding = 4; lastKnownFileType = file.storyboard; path = Login.storyboard; sourceTree = "<group>"; };
		1D1228DF1B424AD9001CA6A4 /* TeamAccount.storyboard */ = {isa = PBXFileReference; fileEncoding = 4; lastKnownFileType = file.storyboard; path = TeamAccount.storyboard; sourceTree = "<group>"; };
		1D1228E11B42635D001CA6A4 /* DataMnager + Invitation.swift */ = {isa = PBXFileReference; fileEncoding = 4; lastKnownFileType = sourcecode.swift; path = "DataMnager + Invitation.swift"; sourceTree = "<group>"; };
		1D19D5221B3FF569007A716A /* FrequencyCell.swift */ = {isa = PBXFileReference; fileEncoding = 4; lastKnownFileType = sourcecode.swift; path = FrequencyCell.swift; sourceTree = "<group>"; };
		1D1FD65F1B1BFC4A00287FA0 /* GoKid.app */ = {isa = PBXFileReference; explicitFileType = wrapper.application; includeInIndex = 0; path = GoKid.app; sourceTree = BUILT_PRODUCTS_DIR; };
		1D1FD6631B1BFC4A00287FA0 /* Info.plist */ = {isa = PBXFileReference; lastKnownFileType = text.plist.xml; path = Info.plist; sourceTree = "<group>"; };
		1D1FD6641B1BFC4A00287FA0 /* AppDelegate.swift */ = {isa = PBXFileReference; lastKnownFileType = sourcecode.swift; path = AppDelegate.swift; sourceTree = "<group>"; };
		1D1FD6691B1BFC4A00287FA0 /* Base */ = {isa = PBXFileReference; lastKnownFileType = file.storyboard; name = Base; path = Base.lproj/Main.storyboard; sourceTree = "<group>"; };
		1D1FD66B1B1BFC4A00287FA0 /* Images.xcassets */ = {isa = PBXFileReference; lastKnownFileType = folder.assetcatalog; path = Images.xcassets; sourceTree = "<group>"; };
		1D1FD66E1B1BFC4A00287FA0 /* Base */ = {isa = PBXFileReference; lastKnownFileType = file.xib; name = Base; path = Base.lproj/LaunchScreen.xib; sourceTree = "<group>"; };
		1D1FD6741B1BFC4A00287FA0 /* GoKidTests.xctest */ = {isa = PBXFileReference; explicitFileType = wrapper.cfbundle; includeInIndex = 0; path = GoKidTests.xctest; sourceTree = BUILT_PRODUCTS_DIR; };
		1D1FD6791B1BFC4A00287FA0 /* Info.plist */ = {isa = PBXFileReference; lastKnownFileType = text.plist.xml; path = Info.plist; sourceTree = "<group>"; };
		1D1FD67A1B1BFC4A00287FA0 /* GoKidTests.swift */ = {isa = PBXFileReference; lastKnownFileType = sourcecode.swift; path = GoKidTests.swift; sourceTree = "<group>"; };
		1D1FD6861B1C001E00287FA0 /* HelperFunction.swift */ = {isa = PBXFileReference; fileEncoding = 4; lastKnownFileType = sourcecode.swift; path = HelperFunction.swift; sourceTree = "<group>"; };
		1D1FD68C1B1C012700287FA0 /* GoKid-Bridging-Header.h */ = {isa = PBXFileReference; lastKnownFileType = sourcecode.c.h; path = "GoKid-Bridging-Header.h"; sourceTree = "<group>"; };
		1D1FD6901B1C048600287FA0 /* MenuVC.swift */ = {isa = PBXFileReference; fileEncoding = 4; lastKnownFileType = sourcecode.swift; name = MenuVC.swift; path = ViewControllers/MenuVC.swift; sourceTree = "<group>"; };
		1D1FD6921B1C04D100287FA0 /* MainStackVC.swift */ = {isa = PBXFileReference; fileEncoding = 4; lastKnownFileType = sourcecode.swift; name = MainStackVC.swift; path = ViewControllers/MainStackVC.swift; sourceTree = "<group>"; };
		1D1FD6941B1C103500287FA0 /* UIView+Pop.swift */ = {isa = PBXFileReference; fileEncoding = 4; lastKnownFileType = sourcecode.swift; path = "UIView+Pop.swift"; sourceTree = "<group>"; };
		1D1FD6971B1C11C100287FA0 /* UserManager.swift */ = {isa = PBXFileReference; fileEncoding = 4; lastKnownFileType = sourcecode.swift; path = UserManager.swift; sourceTree = "<group>"; };
		1D3554581B3FD14200044A3F /* DataMnager + Notification.swift */ = {isa = PBXFileReference; fileEncoding = 4; lastKnownFileType = sourcecode.swift; path = "DataMnager + Notification.swift"; sourceTree = "<group>"; };
		1D368F151B40FFCD00FB4D2D /* TimeAndDateVC + Picker.swift */ = {isa = PBXFileReference; fileEncoding = 4; lastKnownFileType = sourcecode.swift; path = "TimeAndDateVC + Picker.swift"; sourceTree = "<group>"; };
		1D39AAAF1B3FFD7C00215D6E /* FrequencyHeader.swift */ = {isa = PBXFileReference; fileEncoding = 4; lastKnownFileType = sourcecode.swift; name = FrequencyHeader.swift; path = Cells/FrequencyHeader.swift; sourceTree = "<group>"; };
		1D39AAB21B40C2DD00215D6E /* VolunteerVC + ActionSheet.swift */ = {isa = PBXFileReference; fileEncoding = 4; lastKnownFileType = sourcecode.swift; name = "VolunteerVC + ActionSheet.swift"; path = "ViewControllers/VolunteerVC + ActionSheet.swift"; sourceTree = "<group>"; };
		1D3F65131B2005D500CCF6A1 /* LocationVC.swift */ = {isa = PBXFileReference; fileEncoding = 4; lastKnownFileType = sourcecode.swift; name = LocationVC.swift; path = ViewControllers/LocationVC.swift; sourceTree = "<group>"; };
		1D3F65151B2005EC00CCF6A1 /* LocationInputVC.swift */ = {isa = PBXFileReference; fileEncoding = 4; lastKnownFileType = sourcecode.swift; name = LocationInputVC.swift; path = ViewControllers/LocationInputVC.swift; sourceTree = "<group>"; };
		1D3F65171B2073D700CCF6A1 /* RecentAddressCell.swift */ = {isa = PBXFileReference; fileEncoding = 4; lastKnownFileType = sourcecode.swift; path = RecentAddressCell.swift; sourceTree = "<group>"; };
		1D3F65191B2079E400CCF6A1 /* VolunteerVC.swift */ = {isa = PBXFileReference; fileEncoding = 4; lastKnownFileType = sourcecode.swift; path = VolunteerVC.swift; sourceTree = "<group>"; };
		1D3F651B1B207D3200CCF6A1 /* VolunteerCell.swift */ = {isa = PBXFileReference; fileEncoding = 4; lastKnownFileType = sourcecode.swift; name = VolunteerCell.swift; path = Cells/VolunteerCell.swift; sourceTree = "<group>"; };
		1D3F651E1B207D6B00CCF6A1 /* VolunteerTimeCell.swift */ = {isa = PBXFileReference; fileEncoding = 4; lastKnownFileType = sourcecode.swift; name = VolunteerTimeCell.swift; path = Cells/VolunteerTimeCell.swift; sourceTree = "<group>"; };
		1D3F65221B207FBA00CCF6A1 /* VolunteerModel.swift */ = {isa = PBXFileReference; fileEncoding = 4; lastKnownFileType = sourcecode.swift; path = VolunteerModel.swift; sourceTree = "<group>"; };
		1D3F65241B208A9600CCF6A1 /* InviteParentsVC.swift */ = {isa = PBXFileReference; fileEncoding = 4; lastKnownFileType = sourcecode.swift; name = InviteParentsVC.swift; path = ViewControllers/InviteParentsVC.swift; sourceTree = "<group>"; };
		1D3F65261B20986C00CCF6A1 /* CarpoolSucceedVC.swift */ = {isa = PBXFileReference; fileEncoding = 4; lastKnownFileType = sourcecode.swift; name = CarpoolSucceedVC.swift; path = ViewControllers/CarpoolSucceedVC.swift; sourceTree = "<group>"; };
		1D3F652C1B237F9E00CCF6A1 /* BaseVC.swift */ = {isa = PBXFileReference; fileEncoding = 4; lastKnownFileType = sourcecode.swift; name = BaseVC.swift; path = ViewControllers/BaseVC.swift; sourceTree = "<group>"; };
		1D533D1B1B29533600F848B8 /* Fabric.framework */ = {isa = PBXFileReference; lastKnownFileType = wrapper.framework; path = Fabric.framework; sourceTree = "<group>"; };
		1D533D1C1B29533600F848B8 /* Crashlytics.framework */ = {isa = PBXFileReference; lastKnownFileType = wrapper.framework; path = Crashlytics.framework; sourceTree = "<group>"; };
		1D7D8DF21B3A76D8002D29A5 /* DataManager + Carpool.swift */ = {isa = PBXFileReference; fileEncoding = 4; lastKnownFileType = sourcecode.swift; path = "DataManager + Carpool.swift"; sourceTree = "<group>"; };
		1D891F081B23FDD8006FD961 /* SwiftAddressBookDataStructures.swift */ = {isa = PBXFileReference; fileEncoding = 4; lastKnownFileType = sourcecode.swift; path = SwiftAddressBookDataStructures.swift; sourceTree = "<group>"; };
		1D891F091B23FDD8006FD961 /* SwiftAddressBookGroup.swift */ = {isa = PBXFileReference; fileEncoding = 4; lastKnownFileType = sourcecode.swift; path = SwiftAddressBookGroup.swift; sourceTree = "<group>"; };
		1D891F0A1B23FDD8006FD961 /* SwiftAddressBookHelperMethods.swift */ = {isa = PBXFileReference; fileEncoding = 4; lastKnownFileType = sourcecode.swift; path = SwiftAddressBookHelperMethods.swift; sourceTree = "<group>"; };
		1D891F0B1B23FDD8006FD961 /* SwiftAddressBookPerson.swift */ = {isa = PBXFileReference; fileEncoding = 4; lastKnownFileType = sourcecode.swift; path = SwiftAddressBookPerson.swift; sourceTree = "<group>"; };
		1D891F0C1B23FDD8006FD961 /* SwiftAddressBookRecord.swift */ = {isa = PBXFileReference; fileEncoding = 4; lastKnownFileType = sourcecode.swift; path = SwiftAddressBookRecord.swift; sourceTree = "<group>"; };
		1D891F0D1B23FDD8006FD961 /* SwiftAddressBookSource.swift */ = {isa = PBXFileReference; fileEncoding = 4; lastKnownFileType = sourcecode.swift; path = SwiftAddressBookSource.swift; sourceTree = "<group>"; };
		1D891F0E1B23FDD8006FD961 /* SwiftAddressBookWrapper.swift */ = {isa = PBXFileReference; fileEncoding = 4; lastKnownFileType = sourcecode.swift; path = SwiftAddressBookWrapper.swift; sourceTree = "<group>"; };
		1D891F161B23FFA0006FD961 /* ContactPickerVC.swift */ = {isa = PBXFileReference; fileEncoding = 4; lastKnownFileType = sourcecode.swift; path = ContactPickerVC.swift; sourceTree = "<group>"; };
		1D891F181B240051006FD961 /* ContactCell.swift */ = {isa = PBXFileReference; fileEncoding = 4; lastKnownFileType = sourcecode.swift; path = ContactCell.swift; sourceTree = "<group>"; };
		1D891F1F1B242B89006FD961 /* SwiftyJSON.h */ = {isa = PBXFileReference; fileEncoding = 4; lastKnownFileType = sourcecode.c.h; path = SwiftyJSON.h; sourceTree = "<group>"; };
		1D891F201B242B89006FD961 /* SwiftyJSON.swift */ = {isa = PBXFileReference; fileEncoding = 4; lastKnownFileType = sourcecode.swift; path = SwiftyJSON.swift; sourceTree = "<group>"; };
		1D891F221B244536006FD961 /* DataManager.swift */ = {isa = PBXFileReference; fileEncoding = 4; lastKnownFileType = sourcecode.swift; path = DataManager.swift; sourceTree = "<group>"; };
		1D891F241B246359006FD961 /* ContactNameCell.swift */ = {isa = PBXFileReference; fileEncoding = 4; lastKnownFileType = sourcecode.swift; path = ContactNameCell.swift; sourceTree = "<group>"; };
		1D891F261B2734C2006FD961 /* TeamMemberModel.swift */ = {isa = PBXFileReference; fileEncoding = 4; lastKnownFileType = sourcecode.swift; path = TeamMemberModel.swift; sourceTree = "<group>"; };
		1D891F281B273535006FD961 /* AddTeamMemberCell.swift */ = {isa = PBXFileReference; fileEncoding = 4; lastKnownFileType = sourcecode.swift; path = AddTeamMemberCell.swift; sourceTree = "<group>"; };
		1D891F2A1B273C2E006FD961 /* AddTeamMemberVC.swift */ = {isa = PBXFileReference; fileEncoding = 4; lastKnownFileType = sourcecode.swift; path = AddTeamMemberVC.swift; sourceTree = "<group>"; };
		1D8F78ED1B3672D300C78CAF /* BaseTVC.swift */ = {isa = PBXFileReference; fileEncoding = 4; lastKnownFileType = sourcecode.swift; name = BaseTVC.swift; path = ViewControllers/BaseTVC.swift; sourceTree = "<group>"; };
		1D8F78EF1B36733F00C78CAF /* BaseCVC.swift */ = {isa = PBXFileReference; fileEncoding = 4; lastKnownFileType = sourcecode.swift; path = BaseCVC.swift; sourceTree = "<group>"; };
		1D8F78F21B36994A00C78CAF /* CalendarDetailVC.swift */ = {isa = PBXFileReference; fileEncoding = 4; lastKnownFileType = sourcecode.swift; path = CalendarDetailVC.swift; sourceTree = "<group>"; };
		1D8F78F51B36A07F00C78CAF /* CalendarNotificationCell.swift */ = {isa = PBXFileReference; fileEncoding = 4; lastKnownFileType = sourcecode.swift; path = CalendarNotificationCell.swift; sourceTree = "<group>"; };
		1D8F78F61B36A07F00C78CAF /* CalendarAddCell.swift */ = {isa = PBXFileReference; fileEncoding = 4; lastKnownFileType = sourcecode.swift; path = CalendarAddCell.swift; sourceTree = "<group>"; };
		1D8F78F71B36A07F00C78CAF /* CalendarDateCell.swift */ = {isa = PBXFileReference; fileEncoding = 4; lastKnownFileType = sourcecode.swift; path = CalendarDateCell.swift; sourceTree = "<group>"; };
		1D8F78F81B36A07F00C78CAF /* CalendarCell.swift */ = {isa = PBXFileReference; fileEncoding = 4; lastKnownFileType = sourcecode.swift; path = CalendarCell.swift; sourceTree = "<group>"; };
		1D8F78FD1B36A18300C78CAF /* CalendarModel.swift */ = {isa = PBXFileReference; fileEncoding = 4; lastKnownFileType = sourcecode.swift; path = CalendarModel.swift; sourceTree = "<group>"; };
		1D8F78FF1B36A47A00C78CAF /* ImageManager.swift */ = {isa = PBXFileReference; fileEncoding = 4; lastKnownFileType = sourcecode.swift; path = ImageManager.swift; sourceTree = "<group>"; };
		1D8F79011B36A64D00C78CAF /* DataManager + Fake.swift */ = {isa = PBXFileReference; fileEncoding = 4; lastKnownFileType = sourcecode.swift; path = "DataManager + Fake.swift"; sourceTree = "<group>"; };
		1D975A371B1F40D500CD4D89 /* InviteInfoVC.swift */ = {isa = PBXFileReference; fileEncoding = 4; lastKnownFileType = sourcecode.swift; name = InviteInfoVC.swift; path = ViewControllers/InviteInfoVC.swift; sourceTree = "<group>"; };
		1D975A391B1F40E500CD4D89 /* InviteConfirmVC.swift */ = {isa = PBXFileReference; fileEncoding = 4; lastKnownFileType = sourcecode.swift; name = InviteConfirmVC.swift; path = ViewControllers/InviteConfirmVC.swift; sourceTree = "<group>"; };
		1D975A3B1B1F7C4E00CD4D89 /* TimeAndDateVC.swift */ = {isa = PBXFileReference; fileEncoding = 4; lastKnownFileType = sourcecode.swift; name = TimeAndDateVC.swift; path = ViewControllers/TimeAndDateVC.swift; sourceTree = "<group>"; };
		1D975A3D1B1F7FF700CD4D89 /* FrequencyPickerVC.swift */ = {isa = PBXFileReference; fileEncoding = 4; lastKnownFileType = sourcecode.swift; path = FrequencyPickerVC.swift; sourceTree = "<group>"; };
		1D975A421B1F94B500CD4D89 /* TDTextCell.swift */ = {isa = PBXFileReference; fileEncoding = 4; lastKnownFileType = sourcecode.swift; name = TDTextCell.swift; path = Cells/TDTextCell.swift; sourceTree = "<group>"; };
		1D975A441B1F9EB800CD4D89 /* TDSwitchCell.swift */ = {isa = PBXFileReference; fileEncoding = 4; lastKnownFileType = sourcecode.swift; name = TDSwitchCell.swift; path = Cells/TDSwitchCell.swift; sourceTree = "<group>"; };
		1D975A461B1FA09100CD4D89 /* TDCellModel.swift */ = {isa = PBXFileReference; fileEncoding = 4; lastKnownFileType = sourcecode.swift; path = TDCellModel.swift; sourceTree = "<group>"; };
		1D975A481B1FA72500CD4D89 /* TDEmptyCell.swift */ = {isa = PBXFileReference; fileEncoding = 4; lastKnownFileType = sourcecode.swift; name = TDEmptyCell.swift; path = Cells/TDEmptyCell.swift; sourceTree = "<group>"; };
		1D975A4A1B1FACB400CD4D89 /* DateTimePicker.h */ = {isa = PBXFileReference; fileEncoding = 4; lastKnownFileType = sourcecode.c.h; path = DateTimePicker.h; sourceTree = "<group>"; };
		1D975A4B1B1FACB400CD4D89 /* DateTimePicker.m */ = {isa = PBXFileReference; fileEncoding = 4; lastKnownFileType = sourcecode.c.objc; path = DateTimePicker.m; sourceTree = "<group>"; };
		1DA789431B23962200B391E8 /* ColorManager.swift */ = {isa = PBXFileReference; fileEncoding = 4; lastKnownFileType = sourcecode.swift; path = ColorManager.swift; sourceTree = "<group>"; };
		1DA789451B23C42700B391E8 /* OnboardVC.swift */ = {isa = PBXFileReference; fileEncoding = 4; lastKnownFileType = sourcecode.swift; path = OnboardVC.swift; sourceTree = "<group>"; };
		1DC765C11B3274E800D9D306 /* DataManager + Sign.swift */ = {isa = PBXFileReference; fileEncoding = 4; lastKnownFileType = sourcecode.swift; path = "DataManager + Sign.swift"; sourceTree = "<group>"; };
		1DC765C31B32754800D9D306 /* DataManager + Team.swift */ = {isa = PBXFileReference; fileEncoding = 4; lastKnownFileType = sourcecode.swift; path = "DataManager + Team.swift"; sourceTree = "<group>"; };
		1DD1BAAB1B2AAF2100D1BBA3 /* CarpoolModel.swift */ = {isa = PBXFileReference; fileEncoding = 4; lastKnownFileType = sourcecode.swift; path = CarpoolModel.swift; sourceTree = "<group>"; };
		1DD6A4D31B3BA565006A97ED /* PlacePickerVC.swift */ = {isa = PBXFileReference; fileEncoding = 4; lastKnownFileType = sourcecode.swift; name = PlacePickerVC.swift; path = ViewControllers/PlacePickerVC.swift; sourceTree = "<group>"; };
		1DD6A4D51B3BA916006A97ED /* PlaceResultCell.swift */ = {isa = PBXFileReference; fileEncoding = 4; lastKnownFileType = sourcecode.swift; name = PlaceResultCell.swift; path = Cells/PlaceResultCell.swift; sourceTree = "<group>"; };
		1DD6A4D81B3BD32B006A97ED /* ZGNavigationTitleView.h */ = {isa = PBXFileReference; fileEncoding = 4; lastKnownFileType = sourcecode.c.h; path = ZGNavigationTitleView.h; sourceTree = "<group>"; };
		1DD6A4D91B3BD32B006A97ED /* ZGNavigationTitleView.m */ = {isa = PBXFileReference; fileEncoding = 4; lastKnownFileType = sourcecode.c.objc; path = ZGNavigationTitleView.m; sourceTree = "<group>"; };
		1DD6A4DA1B3BD32B006A97ED /* ZGNavigationBarTitleViewController.m */ = {isa = PBXFileReference; fileEncoding = 4; lastKnownFileType = sourcecode.c.objc; path = ZGNavigationBarTitleViewController.m; sourceTree = "<group>"; };
		1DD6A4DB1B3BD32B006A97ED /* ZGNavigationBarTitleViewController.h */ = {isa = PBXFileReference; fileEncoding = 4; lastKnownFileType = sourcecode.c.h; path = ZGNavigationBarTitleViewController.h; sourceTree = "<group>"; };
		1DEFF16A1B4937EA0094B54E /* InviteRelationshipVC.swift */ = {isa = PBXFileReference; fileEncoding = 4; lastKnownFileType = sourcecode.swift; name = InviteRelationshipVC.swift; path = ViewControllers/InviteRelationshipVC.swift; sourceTree = "<group>"; };
		1DF771FC1B3D2899003BA938 /* DataMnager + Verification.swift */ = {isa = PBXFileReference; fileEncoding = 4; lastKnownFileType = sourcecode.swift; path = "DataMnager + Verification.swift"; sourceTree = "<group>"; };
		1DFBBE951B1C5A6200630440 /* MemberProfileVC.swift */ = {isa = PBXFileReference; fileEncoding = 4; lastKnownFileType = sourcecode.swift; name = MemberProfileVC.swift; path = ViewControllers/MemberProfileVC.swift; sourceTree = "<group>"; };
		1DFBBE971B1C6DF500630440 /* Phone#VC.swift */ = {isa = PBXFileReference; fileEncoding = 4; lastKnownFileType = sourcecode.swift; name = "Phone#VC.swift"; path = "ViewControllers/Phone#VC.swift"; sourceTree = "<group>"; };
		1DFBBE991B1C6E1400630440 /* PhoneVerifyVC.swift */ = {isa = PBXFileReference; fileEncoding = 4; lastKnownFileType = sourcecode.swift; name = PhoneVerifyVC.swift; path = ViewControllers/PhoneVerifyVC.swift; sourceTree = "<group>"; };
		1DFBBE9B1B1C78DC00630440 /* SignUpVC.swift */ = {isa = PBXFileReference; fileEncoding = 4; lastKnownFileType = sourcecode.swift; name = SignUpVC.swift; path = ViewControllers/SignUpVC.swift; sourceTree = "<group>"; };
		1DFBBE9F1B1C8B5700630440 /* TeamAccountVC.swift */ = {isa = PBXFileReference; fileEncoding = 4; lastKnownFileType = sourcecode.swift; name = TeamAccountVC.swift; path = ViewControllers/TeamAccountVC.swift; sourceTree = "<group>"; };
		1DFBBEA11B1C8CC900630440 /* TeamAccountCell.swift */ = {isa = PBXFileReference; fileEncoding = 4; lastKnownFileType = sourcecode.swift; path = TeamAccountCell.swift; sourceTree = "<group>"; };
		93CC9E48A48DAB1946EA9A2A /* Pods.release.xcconfig */ = {isa = PBXFileReference; includeInIndex = 1; lastKnownFileType = text.xcconfig; name = Pods.release.xcconfig; path = "Pods/Target Support Files/Pods/Pods.release.xcconfig"; sourceTree = "<group>"; };
		DD2545F713FEF193EB6D553D /* Pods.debug.xcconfig */ = {isa = PBXFileReference; includeInIndex = 1; lastKnownFileType = text.xcconfig; name = Pods.debug.xcconfig; path = "Pods/Target Support Files/Pods/Pods.debug.xcconfig"; sourceTree = "<group>"; };
		EF40D0E37CF42771C6294E4C /* libPods.a */ = {isa = PBXFileReference; explicitFileType = archive.ar; includeInIndex = 0; path = libPods.a; sourceTree = BUILT_PRODUCTS_DIR; };
/* End PBXFileReference section */

/* Begin PBXFrameworksBuildPhase section */
		1D1FD65C1B1BFC4A00287FA0 /* Frameworks */ = {
			isa = PBXFrameworksBuildPhase;
			buildActionMask = 2147483647;
			files = (
				ECE57027C4889A619FFDC703 /* libPods.a in Frameworks */,
				1D533D1E1B29533600F848B8 /* Crashlytics.framework in Frameworks */,
				1D533D1D1B29533600F848B8 /* Fabric.framework in Frameworks */,
			);
			runOnlyForDeploymentPostprocessing = 0;
		};
		1D1FD6711B1BFC4A00287FA0 /* Frameworks */ = {
			isa = PBXFrameworksBuildPhase;
			buildActionMask = 2147483647;
			files = (
			);
			runOnlyForDeploymentPostprocessing = 0;
		};
/* End PBXFrameworksBuildPhase section */

/* Begin PBXGroup section */
		1D1228DA1B424A6D001CA6A4 /* StoryBoards */ = {
			isa = PBXGroup;
			children = (
				1D1228DB1B424AA1001CA6A4 /* Carpool.storyboard */,
				1D1228DF1B424AD9001CA6A4 /* TeamAccount.storyboard */,
				1D1FD6681B1BFC4A00287FA0 /* Main.storyboard */,
				1D1228DD1B424AC6001CA6A4 /* Login.storyboard */,
			);
			name = StoryBoards;
			sourceTree = "<group>";
		};
		1D19D5241B3FF576007A716A /* Frequency */ = {
			isa = PBXGroup;
			children = (
				1D19D5221B3FF569007A716A /* FrequencyCell.swift */,
				1D39AAAF1B3FFD7C00215D6E /* FrequencyHeader.swift */,
			);
			name = Frequency;
			sourceTree = "<group>";
		};
		1D1FD6561B1BFC4A00287FA0 = {
			isa = PBXGroup;
			children = (
				1D533D1B1B29533600F848B8 /* Fabric.framework */,
				1D533D1C1B29533600F848B8 /* Crashlytics.framework */,
				1D1FD6611B1BFC4A00287FA0 /* GoKid */,
				1D1FD6841B1C000000287FA0 /* lib */,
				1D1FD6771B1BFC4A00287FA0 /* GoKidTests */,
				1D1FD6601B1BFC4A00287FA0 /* Products */,
				7AEEB50549261E7F302E3174 /* Pods */,
				68926BFAEF467AB3FED52BD2 /* Frameworks */,
			);
			sourceTree = "<group>";
		};
		1D1FD6601B1BFC4A00287FA0 /* Products */ = {
			isa = PBXGroup;
			children = (
				1D1FD65F1B1BFC4A00287FA0 /* GoKid.app */,
				1D1FD6741B1BFC4A00287FA0 /* GoKidTests.xctest */,
			);
			name = Products;
			sourceTree = "<group>";
		};
		1D1FD6611B1BFC4A00287FA0 /* GoKid */ = {
			isa = PBXGroup;
			children = (
				1D1FD6961B1C11A900287FA0 /* Managers */,
				1DD1BAA61B2AA31A00D1BBA3 /* Model */,
				1D3F65281B237ED900CCF6A1 /* Cells */,
				1D1FD68B1B1C00BB00287FA0 /* ViewControllers */,
				1D1228DA1B424A6D001CA6A4 /* StoryBoards */,
				1D1FD6641B1BFC4A00287FA0 /* AppDelegate.swift */,
				1D1FD66B1B1BFC4A00287FA0 /* Images.xcassets */,
				1D1FD66D1B1BFC4A00287FA0 /* LaunchScreen.xib */,
				1D1FD68C1B1C012700287FA0 /* GoKid-Bridging-Header.h */,
				1D1FD6621B1BFC4A00287FA0 /* Supporting Files */,
			);
			path = GoKid;
			sourceTree = "<group>";
		};
		1D1FD6621B1BFC4A00287FA0 /* Supporting Files */ = {
			isa = PBXGroup;
			children = (
				1D1FD6631B1BFC4A00287FA0 /* Info.plist */,
			);
			name = "Supporting Files";
			sourceTree = "<group>";
		};
		1D1FD6771B1BFC4A00287FA0 /* GoKidTests */ = {
			isa = PBXGroup;
			children = (
				1D1FD67A1B1BFC4A00287FA0 /* GoKidTests.swift */,
				1D1FD6781B1BFC4A00287FA0 /* Supporting Files */,
			);
			path = GoKidTests;
			sourceTree = "<group>";
		};
		1D1FD6781B1BFC4A00287FA0 /* Supporting Files */ = {
			isa = PBXGroup;
			children = (
				1D1FD6791B1BFC4A00287FA0 /* Info.plist */,
			);
			name = "Supporting Files";
			sourceTree = "<group>";
		};
		1D1FD6841B1C000000287FA0 /* lib */ = {
			isa = PBXGroup;
			children = (
				1DD6A4D71B3BD321006A97ED /* ZGNavigation */,
				1DC765C61B3278DE00D9D306 /* DateTimePicker */,
				1DC765C51B3278D100D9D306 /* JSON */,
				1D891F071B23FDCD006FD961 /* SwiftAddressBook */,
				1D39AAB11B40C08000215D6E /* Helper Functions */,
			);
			name = lib;
			path = GoKid;
			sourceTree = "<group>";
		};
		1D1FD68B1B1C00BB00287FA0 /* ViewControllers */ = {
			isa = PBXGroup;
			children = (
				1D3F652B1B237F4400CCF6A1 /* Architecture */,
				1D975A3F1B1F930600CD4D89 /* TimeDatePicker */,
				1D975A361B1F40B800CD4D89 /* Invitation */,
				1D3F65121B2005B200CCF6A1 /* Location */,
				1D3F651D1B207D4300CCF6A1 /* Volunteer */,
				1D3F65201B207E2000CCF6A1 /* Phone Number */,
				1D3F65211B207E3500CCF6A1 /* Sign in/up */,
				1D808FCE1B2934F900D295BE /* Team Account */,
				1D8F78F11B36991B00C78CAF /* Calendar */,
				1D5866891B3FCF6800F141F8 /* Onboard */,
			);
			name = ViewControllers;
			sourceTree = "<group>";
		};
		1D1FD6961B1C11A900287FA0 /* Managers */ = {
			isa = PBXGroup;
			children = (
				1D7D8DF21B3A76D8002D29A5 /* DataManager + Carpool.swift */,
				1D8F79011B36A64D00C78CAF /* DataManager + Fake.swift */,
				1DC765C11B3274E800D9D306 /* DataManager + Sign.swift */,
				1DC765C31B32754800D9D306 /* DataManager + Team.swift */,
				1D1228E11B42635D001CA6A4 /* DataMnager + Invitation.swift */,
				1DF771FC1B3D2899003BA938 /* DataMnager + Verification.swift */,
				1D3554581B3FD14200044A3F /* DataMnager + Notification.swift */,
				1D891F221B244536006FD961 /* DataManager.swift */,
				1D8F78FF1B36A47A00C78CAF /* ImageManager.swift */,
				1DA789431B23962200B391E8 /* ColorManager.swift */,
				1D1FD6971B1C11C100287FA0 /* UserManager.swift */,
			);
			name = Managers;
			sourceTree = "<group>";
		};
		1D39AAB11B40C08000215D6E /* Helper Functions */ = {
			isa = PBXGroup;
			children = (
				1D1FD6861B1C001E00287FA0 /* HelperFunction.swift */,
				1D1FD6941B1C103500287FA0 /* UIView+Pop.swift */,
			);
			name = "Helper Functions";
			sourceTree = "<group>";
		};
		1D3F65111B20059300CCF6A1 /* TimeAndDate */ = {
			isa = PBXGroup;
			children = (
				1D975A481B1FA72500CD4D89 /* TDEmptyCell.swift */,
				1D975A421B1F94B500CD4D89 /* TDTextCell.swift */,
				1D975A441B1F9EB800CD4D89 /* TDSwitchCell.swift */,
			);
			name = TimeAndDate;
			sourceTree = "<group>";
		};
		1D3F65121B2005B200CCF6A1 /* Location */ = {
			isa = PBXGroup;
			children = (
				1DD6A4D31B3BA565006A97ED /* PlacePickerVC.swift */,
				1D3F65131B2005D500CCF6A1 /* LocationVC.swift */,
				1D3F65151B2005EC00CCF6A1 /* LocationInputVC.swift */,
			);
			name = Location;
			sourceTree = "<group>";
		};
		1D3F651D1B207D4300CCF6A1 /* Volunteer */ = {
			isa = PBXGroup;
			children = (
				1D3F65191B2079E400CCF6A1 /* VolunteerVC.swift */,
				1D39AAB21B40C2DD00215D6E /* VolunteerVC + ActionSheet.swift */,
			);
			name = Volunteer;
			sourceTree = "<group>";
		};
		1D3F65201B207E2000CCF6A1 /* Phone Number */ = {
			isa = PBXGroup;
			children = (
				1DFBBE971B1C6DF500630440 /* Phone#VC.swift */,
				1DFBBE991B1C6E1400630440 /* PhoneVerifyVC.swift */,
			);
			name = "Phone Number";
			sourceTree = "<group>";
		};
		1D3F65211B207E3500CCF6A1 /* Sign in/up */ = {
			isa = PBXGroup;
			children = (
				1D10D7A51B1C2C33007CDB66 /* SignInVC.swift */,
				1DFBBE9B1B1C78DC00630440 /* SignUpVC.swift */,
			);
			name = "Sign in/up";
			sourceTree = "<group>";
		};
		1D3F65281B237ED900CCF6A1 /* Cells */ = {
			isa = PBXGroup;
			children = (
				1D8F78F41B36996E00C78CAF /* Calendar */,
				1D891F1A1B240068006FD961 /* Contact */,
				1DA789421B238BF600B391E8 /* Recent Address */,
				1D3F652A1B237F2100CCF6A1 /* TeamAccount */,
				1D3F65291B237EF600CCF6A1 /* Volunteer */,
				1D3F65111B20059300CCF6A1 /* TimeAndDate */,
				1D5866881B3FCF3A00F141F8 /* Google Place */,
				1D19D5241B3FF576007A716A /* Frequency */,
			);
			name = Cells;
			sourceTree = "<group>";
		};
		1D3F65291B237EF600CCF6A1 /* Volunteer */ = {
			isa = PBXGroup;
			children = (
				1D3F651B1B207D3200CCF6A1 /* VolunteerCell.swift */,
				1D3F651E1B207D6B00CCF6A1 /* VolunteerTimeCell.swift */,
			);
			name = Volunteer;
			sourceTree = "<group>";
		};
		1D3F652A1B237F2100CCF6A1 /* TeamAccount */ = {
			isa = PBXGroup;
			children = (
				1DFBBEA11B1C8CC900630440 /* TeamAccountCell.swift */,
				1D891F281B273535006FD961 /* AddTeamMemberCell.swift */,
			);
			name = TeamAccount;
			sourceTree = "<group>";
		};
		1D3F652B1B237F4400CCF6A1 /* Architecture */ = {
			isa = PBXGroup;
			children = (
				1D58668A1B3FCFFE00F141F8 /* Base ViewController */,
				1D1FD6921B1C04D100287FA0 /* MainStackVC.swift */,
				1D1FD6901B1C048600287FA0 /* MenuVC.swift */,
			);
			name = Architecture;
			sourceTree = "<group>";
		};
		1D5866881B3FCF3A00F141F8 /* Google Place */ = {
			isa = PBXGroup;
			children = (
				1DD6A4D51B3BA916006A97ED /* PlaceResultCell.swift */,
			);
			name = "Google Place";
			sourceTree = "<group>";
		};
		1D5866891B3FCF6800F141F8 /* Onboard */ = {
			isa = PBXGroup;
			children = (
				1DA789451B23C42700B391E8 /* OnboardVC.swift */,
				1D10D7A91B1C38FE007CDB66 /* BasicInfoVC.swift */,
				1D10D7A31B1C1BB7007CDB66 /* KidAboutYouVC.swift */,
			);
			name = Onboard;
			sourceTree = "<group>";
		};
		1D58668A1B3FCFFE00F141F8 /* Base ViewController */ = {
			isa = PBXGroup;
			children = (
				1D8F78EF1B36733F00C78CAF /* BaseCVC.swift */,
				1D8F78ED1B3672D300C78CAF /* BaseTVC.swift */,
				1D3F652C1B237F9E00CCF6A1 /* BaseVC.swift */,
			);
			name = "Base ViewController";
			sourceTree = "<group>";
		};
		1D808FCE1B2934F900D295BE /* Team Account */ = {
			isa = PBXGroup;
			children = (
				1DFBBE9F1B1C8B5700630440 /* TeamAccountVC.swift */,
				1DFBBE951B1C5A6200630440 /* MemberProfileVC.swift */,
				1D891F2A1B273C2E006FD961 /* AddTeamMemberVC.swift */,
			);
			name = "Team Account";
			sourceTree = "<group>";
		};
		1D891F071B23FDCD006FD961 /* SwiftAddressBook */ = {
			isa = PBXGroup;
			children = (
				1D891F081B23FDD8006FD961 /* SwiftAddressBookDataStructures.swift */,
				1D891F091B23FDD8006FD961 /* SwiftAddressBookGroup.swift */,
				1D891F0A1B23FDD8006FD961 /* SwiftAddressBookHelperMethods.swift */,
				1D891F0B1B23FDD8006FD961 /* SwiftAddressBookPerson.swift */,
				1D891F0C1B23FDD8006FD961 /* SwiftAddressBookRecord.swift */,
				1D891F0D1B23FDD8006FD961 /* SwiftAddressBookSource.swift */,
				1D891F0E1B23FDD8006FD961 /* SwiftAddressBookWrapper.swift */,
			);
			name = SwiftAddressBook;
			sourceTree = "<group>";
		};
		1D891F1A1B240068006FD961 /* Contact */ = {
			isa = PBXGroup;
			children = (
				1D891F181B240051006FD961 /* ContactCell.swift */,
				1D891F241B246359006FD961 /* ContactNameCell.swift */,
			);
			name = Contact;
			sourceTree = "<group>";
		};
		1D8F78F11B36991B00C78CAF /* Calendar */ = {
			isa = PBXGroup;
			children = (
				1D8F78F21B36994A00C78CAF /* CalendarDetailVC.swift */,
				1D10D7A71B1C33CF007CDB66 /* CalendarVC.swift */,
			);
			name = Calendar;
			sourceTree = "<group>";
		};
		1D8F78F41B36996E00C78CAF /* Calendar */ = {
			isa = PBXGroup;
			children = (
				1D8F78F51B36A07F00C78CAF /* CalendarNotificationCell.swift */,
				1D8F78F61B36A07F00C78CAF /* CalendarAddCell.swift */,
				1D8F78F71B36A07F00C78CAF /* CalendarDateCell.swift */,
				1D8F78F81B36A07F00C78CAF /* CalendarCell.swift */,
			);
			name = Calendar;
			sourceTree = "<group>";
		};
		1D975A361B1F40B800CD4D89 /* Invitation */ = {
			isa = PBXGroup;
			children = (
				1D975A371B1F40D500CD4D89 /* InviteInfoVC.swift */,
				1D975A391B1F40E500CD4D89 /* InviteConfirmVC.swift */,
				1DEFF16A1B4937EA0094B54E /* InviteRelationshipVC.swift */,
				1D3F65241B208A9600CCF6A1 /* InviteParentsVC.swift */,
				1D891F161B23FFA0006FD961 /* ContactPickerVC.swift */,
				1D3F65261B20986C00CCF6A1 /* CarpoolSucceedVC.swift */,
			);
			name = Invitation;
			sourceTree = "<group>";
		};
		1D975A3F1B1F930600CD4D89 /* TimeDatePicker */ = {
			isa = PBXGroup;
			children = (
				1D975A3D1B1F7FF700CD4D89 /* FrequencyPickerVC.swift */,
				1D975A3B1B1F7C4E00CD4D89 /* TimeAndDateVC.swift */,
				1D368F151B40FFCD00FB4D2D /* TimeAndDateVC + Picker.swift */,
			);
			name = TimeDatePicker;
			sourceTree = "<group>";
		};
		1DA789421B238BF600B391E8 /* Recent Address */ = {
			isa = PBXGroup;
			children = (
				1D3F65171B2073D700CCF6A1 /* RecentAddressCell.swift */,
			);
			name = "Recent Address";
			sourceTree = "<group>";
		};
		1DC765C51B3278D100D9D306 /* JSON */ = {
			isa = PBXGroup;
			children = (
				1D891F1F1B242B89006FD961 /* SwiftyJSON.h */,
				1D891F201B242B89006FD961 /* SwiftyJSON.swift */,
			);
			name = JSON;
			sourceTree = "<group>";
		};
		1DC765C61B3278DE00D9D306 /* DateTimePicker */ = {
			isa = PBXGroup;
			children = (
				1D975A4A1B1FACB400CD4D89 /* DateTimePicker.h */,
				1D975A4B1B1FACB400CD4D89 /* DateTimePicker.m */,
			);
			name = DateTimePicker;
			sourceTree = "<group>";
		};
		1DD1BAA61B2AA31A00D1BBA3 /* Model */ = {
			isa = PBXGroup;
			children = (
				1D8F78FD1B36A18300C78CAF /* CalendarModel.swift */,
				1DD1BAAB1B2AAF2100D1BBA3 /* CarpoolModel.swift */,
				1D891F261B2734C2006FD961 /* TeamMemberModel.swift */,
				1D3F65221B207FBA00CCF6A1 /* VolunteerModel.swift */,
				1D975A461B1FA09100CD4D89 /* TDCellModel.swift */,
			);
			name = Model;
			sourceTree = "<group>";
		};
		1DD6A4D71B3BD321006A97ED /* ZGNavigation */ = {
			isa = PBXGroup;
			children = (
				1DD6A4D81B3BD32B006A97ED /* ZGNavigationTitleView.h */,
				1DD6A4D91B3BD32B006A97ED /* ZGNavigationTitleView.m */,
				1DD6A4DA1B3BD32B006A97ED /* ZGNavigationBarTitleViewController.m */,
				1DD6A4DB1B3BD32B006A97ED /* ZGNavigationBarTitleViewController.h */,
			);
			name = ZGNavigation;
			sourceTree = "<group>";
		};
		68926BFAEF467AB3FED52BD2 /* Frameworks */ = {
			isa = PBXGroup;
			children = (
				EF40D0E37CF42771C6294E4C /* libPods.a */,
			);
			name = Frameworks;
			sourceTree = "<group>";
		};
		7AEEB50549261E7F302E3174 /* Pods */ = {
			isa = PBXGroup;
			children = (
				DD2545F713FEF193EB6D553D /* Pods.debug.xcconfig */,
				93CC9E48A48DAB1946EA9A2A /* Pods.release.xcconfig */,
			);
			name = Pods;
			sourceTree = "<group>";
		};
/* End PBXGroup section */

/* Begin PBXNativeTarget section */
		1D1FD65E1B1BFC4A00287FA0 /* GoKid */ = {
			isa = PBXNativeTarget;
			buildConfigurationList = 1D1FD67E1B1BFC4A00287FA0 /* Build configuration list for PBXNativeTarget "GoKid" */;
			buildPhases = (
				CD65D8EC25723919ABB980C6 /* Check Pods Manifest.lock */,
				1D1FD65B1B1BFC4A00287FA0 /* Sources */,
				1D1FD65C1B1BFC4A00287FA0 /* Frameworks */,
				1D1FD65D1B1BFC4A00287FA0 /* Resources */,
				09818E3E01C63C9CBB504CD2 /* Copy Pods Resources */,
				1D533D1A1B2951BF00F848B8 /* ShellScript */,
			);
			buildRules = (
			);
			dependencies = (
			);
			name = GoKid;
			productName = GoKid;
			productReference = 1D1FD65F1B1BFC4A00287FA0 /* GoKid.app */;
			productType = "com.apple.product-type.application";
		};
		1D1FD6731B1BFC4A00287FA0 /* GoKidTests */ = {
			isa = PBXNativeTarget;
			buildConfigurationList = 1D1FD6811B1BFC4A00287FA0 /* Build configuration list for PBXNativeTarget "GoKidTests" */;
			buildPhases = (
				1D1FD6701B1BFC4A00287FA0 /* Sources */,
				1D1FD6711B1BFC4A00287FA0 /* Frameworks */,
				1D1FD6721B1BFC4A00287FA0 /* Resources */,
			);
			buildRules = (
			);
			dependencies = (
				1D1FD6761B1BFC4A00287FA0 /* PBXTargetDependency */,
			);
			name = GoKidTests;
			productName = GoKidTests;
			productReference = 1D1FD6741B1BFC4A00287FA0 /* GoKidTests.xctest */;
			productType = "com.apple.product-type.bundle.unit-test";
		};
/* End PBXNativeTarget section */

/* Begin PBXProject section */
		1D1FD6571B1BFC4A00287FA0 /* Project object */ = {
			isa = PBXProject;
			attributes = {
				LastSwiftUpdateCheck = 0700;
				LastUpgradeCheck = 0630;
				ORGANIZATIONNAME = GoKid;
				TargetAttributes = {
					1D1FD65E1B1BFC4A00287FA0 = {
						CreatedOnToolsVersion = 6.3.2;
					};
					1D1FD6731B1BFC4A00287FA0 = {
						CreatedOnToolsVersion = 6.3.2;
						TestTargetID = 1D1FD65E1B1BFC4A00287FA0;
					};
				};
			};
			buildConfigurationList = 1D1FD65A1B1BFC4A00287FA0 /* Build configuration list for PBXProject "GoKid" */;
			compatibilityVersion = "Xcode 3.2";
			developmentRegion = English;
			hasScannedForEncodings = 0;
			knownRegions = (
				en,
				Base,
			);
			mainGroup = 1D1FD6561B1BFC4A00287FA0;
			productRefGroup = 1D1FD6601B1BFC4A00287FA0 /* Products */;
			projectDirPath = "";
			projectRoot = "";
			targets = (
				1D1FD65E1B1BFC4A00287FA0 /* GoKid */,
				1D1FD6731B1BFC4A00287FA0 /* GoKidTests */,
			);
		};
/* End PBXProject section */

/* Begin PBXResourcesBuildPhase section */
		1D1FD65D1B1BFC4A00287FA0 /* Resources */ = {
			isa = PBXResourcesBuildPhase;
			buildActionMask = 2147483647;
			files = (
				1D1FD66A1B1BFC4A00287FA0 /* Main.storyboard in Resources */,
				1D1228E01B424AD9001CA6A4 /* TeamAccount.storyboard in Resources */,
				1D1228DC1B424AA1001CA6A4 /* Carpool.storyboard in Resources */,
				1D1FD66F1B1BFC4A00287FA0 /* LaunchScreen.xib in Resources */,
				1D1228DE1B424AC6001CA6A4 /* Login.storyboard in Resources */,
				1D1FD66C1B1BFC4A00287FA0 /* Images.xcassets in Resources */,
			);
			runOnlyForDeploymentPostprocessing = 0;
		};
		1D1FD6721B1BFC4A00287FA0 /* Resources */ = {
			isa = PBXResourcesBuildPhase;
			buildActionMask = 2147483647;
			files = (
			);
			runOnlyForDeploymentPostprocessing = 0;
		};
/* End PBXResourcesBuildPhase section */

/* Begin PBXShellScriptBuildPhase section */
		09818E3E01C63C9CBB504CD2 /* Copy Pods Resources */ = {
			isa = PBXShellScriptBuildPhase;
			buildActionMask = 2147483647;
			files = (
			);
			inputPaths = (
			);
			name = "Copy Pods Resources";
			outputPaths = (
			);
			runOnlyForDeploymentPostprocessing = 0;
			shellPath = /bin/sh;
			shellScript = "\"${SRCROOT}/Pods/Target Support Files/Pods/Pods-resources.sh\"\n";
			showEnvVarsInLog = 0;
		};
		1D533D1A1B2951BF00F848B8 /* ShellScript */ = {
			isa = PBXShellScriptBuildPhase;
			buildActionMask = 2147483647;
			files = (
			);
			inputPaths = (
			);
			outputPaths = (
			);
			runOnlyForDeploymentPostprocessing = 0;
			shellPath = /bin/sh;
			shellScript = "#./Fabric.framework/run be3e5758cb7f57efc85bffde1a9a2f6a847f75bb 94a2c2980123cbbebdb8bc75116571ad7228423ea49e36aeab6c253b6567e1e9";
		};
		CD65D8EC25723919ABB980C6 /* Check Pods Manifest.lock */ = {
			isa = PBXShellScriptBuildPhase;
			buildActionMask = 2147483647;
			files = (
			);
			inputPaths = (
			);
			name = "Check Pods Manifest.lock";
			outputPaths = (
			);
			runOnlyForDeploymentPostprocessing = 0;
			shellPath = /bin/sh;
			shellScript = "diff \"${PODS_ROOT}/../Podfile.lock\" \"${PODS_ROOT}/Manifest.lock\" > /dev/null\nif [[ $? != 0 ]] ; then\n    cat << EOM\nerror: The sandbox is not in sync with the Podfile.lock. Run 'pod install' or update your CocoaPods installation.\nEOM\n    exit 1\nfi\n";
			showEnvVarsInLog = 0;
		};
/* End PBXShellScriptBuildPhase section */

/* Begin PBXSourcesBuildPhase section */
		1D1FD65B1B1BFC4A00287FA0 /* Sources */ = {
			isa = PBXSourcesBuildPhase;
			buildActionMask = 2147483647;
			files = (
				1D975A4C1B1FACB400CD4D89 /* DateTimePicker.m in Sources */,
				1D891F101B23FDD8006FD961 /* SwiftAddressBookGroup.swift in Sources */,
				1DC765C41B32754800D9D306 /* DataManager + Team.swift in Sources */,
				1D891F291B273535006FD961 /* AddTeamMemberCell.swift in Sources */,
				1D10D7A81B1C33CF007CDB66 /* CalendarVC.swift in Sources */,
				1D39AAB31B40C2DD00215D6E /* VolunteerVC + ActionSheet.swift in Sources */,
				1D8F78FB1B36A07F00C78CAF /* CalendarDateCell.swift in Sources */,
				1DD6A4DC1B3BD32B006A97ED /* ZGNavigationTitleView.m in Sources */,
				1D8F78FA1B36A07F00C78CAF /* CalendarAddCell.swift in Sources */,
				1DEFF16B1B4937EA0094B54E /* InviteRelationshipVC.swift in Sources */,
				1DD6A4D61B3BA916006A97ED /* PlaceResultCell.swift in Sources */,
				1D3F65231B207FBA00CCF6A1 /* VolunteerModel.swift in Sources */,
				1D3F65161B2005EC00CCF6A1 /* LocationInputVC.swift in Sources */,
				1D8F79021B36A64D00C78CAF /* DataManager + Fake.swift in Sources */,
				1D975A381B1F40D500CD4D89 /* InviteInfoVC.swift in Sources */,
				1D1FD6951B1C103500287FA0 /* UIView+Pop.swift in Sources */,
				1D19D5231B3FF569007A716A /* FrequencyCell.swift in Sources */,
				1D3F651F1B207D6B00CCF6A1 /* VolunteerTimeCell.swift in Sources */,
				1DFBBE961B1C5A6300630440 /* MemberProfileVC.swift in Sources */,
				1DD1BAAC1B2AAF2100D1BBA3 /* CarpoolModel.swift in Sources */,
				1D975A431B1F94B500CD4D89 /* TDTextCell.swift in Sources */,
				1D891F141B23FDD8006FD961 /* SwiftAddressBookSource.swift in Sources */,
				1D975A471B1FA09100CD4D89 /* TDCellModel.swift in Sources */,
				1DA789461B23C42700B391E8 /* OnboardVC.swift in Sources */,
				1D10D7A41B1C1BB7007CDB66 /* KidAboutYouVC.swift in Sources */,
				1D3554591B3FD14200044A3F /* DataMnager + Notification.swift in Sources */,
				1D3F651A1B2079E400CCF6A1 /* VolunteerVC.swift in Sources */,
				1D368F161B40FFCD00FB4D2D /* TimeAndDateVC + Picker.swift in Sources */,
				1D891F2B1B273C2E006FD961 /* AddTeamMemberVC.swift in Sources */,
				1DFBBE9A1B1C6E1400630440 /* PhoneVerifyVC.swift in Sources */,
				1D8F78FC1B36A07F00C78CAF /* CalendarCell.swift in Sources */,
				1D1228E21B42635D001CA6A4 /* DataMnager + Invitation.swift in Sources */,
				1DC765C21B3274E800D9D306 /* DataManager + Sign.swift in Sources */,
				1D10D7A61B1C2C33007CDB66 /* SignInVC.swift in Sources */,
				1D10D7AA1B1C38FE007CDB66 /* BasicInfoVC.swift in Sources */,
				1DFBBE981B1C6DF500630440 /* Phone#VC.swift in Sources */,
				1D1FD6881B1C001E00287FA0 /* HelperFunction.swift in Sources */,
				1D891F251B24635A006FD961 /* ContactNameCell.swift in Sources */,
				1D891F171B23FFA0006FD961 /* ContactPickerVC.swift in Sources */,
				1D39AAB01B3FFD7C00215D6E /* FrequencyHeader.swift in Sources */,
				1D891F111B23FDD8006FD961 /* SwiftAddressBookHelperMethods.swift in Sources */,
				1D1FD6651B1BFC4A00287FA0 /* AppDelegate.swift in Sources */,
				1D3F65251B208A9600CCF6A1 /* InviteParentsVC.swift in Sources */,
				1D975A3A1B1F40E500CD4D89 /* InviteConfirmVC.swift in Sources */,
				1D3F65181B2073D700CCF6A1 /* RecentAddressCell.swift in Sources */,
				1DF771FD1B3D2899003BA938 /* DataMnager + Verification.swift in Sources */,
				1D891F211B242B89006FD961 /* SwiftyJSON.swift in Sources */,
				1DFBBEA01B1C8B5700630440 /* TeamAccountVC.swift in Sources */,
				1D3F651C1B207D3200CCF6A1 /* VolunteerCell.swift in Sources */,
				1D975A491B1FA72500CD4D89 /* TDEmptyCell.swift in Sources */,
				1D1FD6931B1C04D100287FA0 /* MainStackVC.swift in Sources */,
				1D8F78EE1B3672D300C78CAF /* BaseTVC.swift in Sources */,
				1D975A451B1F9EB800CD4D89 /* TDSwitchCell.swift in Sources */,
				1D891F121B23FDD8006FD961 /* SwiftAddressBookPerson.swift in Sources */,
				1D891F0F1B23FDD8006FD961 /* SwiftAddressBookDataStructures.swift in Sources */,
				1D3F65141B2005D500CCF6A1 /* LocationVC.swift in Sources */,
				1D8F78F01B36733F00C78CAF /* BaseCVC.swift in Sources */,
				1DFBBEA21B1C8CC900630440 /* TeamAccountCell.swift in Sources */,
				1DA789441B23962200B391E8 /* ColorManager.swift in Sources */,
				1D8F78F31B36994A00C78CAF /* CalendarDetailVC.swift in Sources */,
				1D891F191B240051006FD961 /* ContactCell.swift in Sources */,
				1D8F79001B36A47A00C78CAF /* ImageManager.swift in Sources */,
				1D1FD6981B1C11C100287FA0 /* UserManager.swift in Sources */,
				1DD6A4D41B3BA565006A97ED /* PlacePickerVC.swift in Sources */,
				1DFBBE9C1B1C78DC00630440 /* SignUpVC.swift in Sources */,
				1D3F652D1B237F9E00CCF6A1 /* BaseVC.swift in Sources */,
				1D891F151B23FDD8006FD961 /* SwiftAddressBookWrapper.swift in Sources */,
				1D7D8DF31B3A76D8002D29A5 /* DataManager + Carpool.swift in Sources */,
				1DD6A4DD1B3BD32B006A97ED /* ZGNavigationBarTitleViewController.m in Sources */,
				1D3F65271B20986C00CCF6A1 /* CarpoolSucceedVC.swift in Sources */,
				1D891F271B2734C2006FD961 /* TeamMemberModel.swift in Sources */,
				1D8F78FE1B36A18300C78CAF /* CalendarModel.swift in Sources */,
				1D891F131B23FDD8006FD961 /* SwiftAddressBookRecord.swift in Sources */,
				1D891F231B244536006FD961 /* DataManager.swift in Sources */,
				1D1FD6911B1C048600287FA0 /* MenuVC.swift in Sources */,
				1D975A3E1B1F7FF700CD4D89 /* FrequencyPickerVC.swift in Sources */,
				1D8F78F91B36A07F00C78CAF /* CalendarNotificationCell.swift in Sources */,
				1D975A3C1B1F7C4E00CD4D89 /* TimeAndDateVC.swift in Sources */,
			);
			runOnlyForDeploymentPostprocessing = 0;
		};
		1D1FD6701B1BFC4A00287FA0 /* Sources */ = {
			isa = PBXSourcesBuildPhase;
			buildActionMask = 2147483647;
			files = (
				1D1FD67B1B1BFC4A00287FA0 /* GoKidTests.swift in Sources */,
			);
			runOnlyForDeploymentPostprocessing = 0;
		};
/* End PBXSourcesBuildPhase section */

/* Begin PBXTargetDependency section */
		1D1FD6761B1BFC4A00287FA0 /* PBXTargetDependency */ = {
			isa = PBXTargetDependency;
			target = 1D1FD65E1B1BFC4A00287FA0 /* GoKid */;
			targetProxy = 1D1FD6751B1BFC4A00287FA0 /* PBXContainerItemProxy */;
		};
/* End PBXTargetDependency section */

/* Begin PBXVariantGroup section */
		1D1FD6681B1BFC4A00287FA0 /* Main.storyboard */ = {
			isa = PBXVariantGroup;
			children = (
				1D1FD6691B1BFC4A00287FA0 /* Base */,
			);
			name = Main.storyboard;
			sourceTree = "<group>";
		};
		1D1FD66D1B1BFC4A00287FA0 /* LaunchScreen.xib */ = {
			isa = PBXVariantGroup;
			children = (
				1D1FD66E1B1BFC4A00287FA0 /* Base */,
			);
			name = LaunchScreen.xib;
			sourceTree = "<group>";
		};
/* End PBXVariantGroup section */

/* Begin XCBuildConfiguration section */
		1D1FD67C1B1BFC4A00287FA0 /* Debug */ = {
			isa = XCBuildConfiguration;
			buildSettings = {
				ALWAYS_SEARCH_USER_PATHS = NO;
				CLANG_CXX_LANGUAGE_STANDARD = "gnu++0x";
				CLANG_CXX_LIBRARY = "libc++";
				CLANG_ENABLE_MODULES = YES;
				CLANG_ENABLE_OBJC_ARC = YES;
				CLANG_WARN_BOOL_CONVERSION = YES;
				CLANG_WARN_CONSTANT_CONVERSION = YES;
				CLANG_WARN_DIRECT_OBJC_ISA_USAGE = YES_ERROR;
				CLANG_WARN_EMPTY_BODY = YES;
				CLANG_WARN_ENUM_CONVERSION = YES;
				CLANG_WARN_INT_CONVERSION = YES;
				CLANG_WARN_OBJC_ROOT_CLASS = YES_ERROR;
				CLANG_WARN_UNREACHABLE_CODE = YES;
				CLANG_WARN__DUPLICATE_METHOD_MATCH = YES;
				"CODE_SIGN_IDENTITY[sdk=iphoneos*]" = "iPhone Developer";
				COPY_PHASE_STRIP = NO;
				DEBUG_INFORMATION_FORMAT = "dwarf-with-dsym";
				ENABLE_STRICT_OBJC_MSGSEND = YES;
				GCC_C_LANGUAGE_STANDARD = gnu99;
				GCC_DYNAMIC_NO_PIC = NO;
				GCC_NO_COMMON_BLOCKS = YES;
				GCC_OPTIMIZATION_LEVEL = 0;
				GCC_PREPROCESSOR_DEFINITIONS = (
					"DEBUG=1",
					"$(inherited)",
				);
				GCC_SYMBOLS_PRIVATE_EXTERN = NO;
				GCC_WARN_64_TO_32_BIT_CONVERSION = YES;
				GCC_WARN_ABOUT_RETURN_TYPE = YES_ERROR;
				GCC_WARN_UNDECLARED_SELECTOR = YES;
				GCC_WARN_UNINITIALIZED_AUTOS = YES_AGGRESSIVE;
				GCC_WARN_UNUSED_FUNCTION = YES;
				GCC_WARN_UNUSED_VARIABLE = YES;
				IPHONEOS_DEPLOYMENT_TARGET = 8.3;
				MTL_ENABLE_DEBUG_INFO = YES;
				ONLY_ACTIVE_ARCH = YES;
				SDKROOT = iphoneos;
				SWIFT_OPTIMIZATION_LEVEL = "-Onone";
			};
			name = Debug;
		};
		1D1FD67D1B1BFC4A00287FA0 /* Release */ = {
			isa = XCBuildConfiguration;
			buildSettings = {
				ALWAYS_SEARCH_USER_PATHS = NO;
				CLANG_CXX_LANGUAGE_STANDARD = "gnu++0x";
				CLANG_CXX_LIBRARY = "libc++";
				CLANG_ENABLE_MODULES = YES;
				CLANG_ENABLE_OBJC_ARC = YES;
				CLANG_WARN_BOOL_CONVERSION = YES;
				CLANG_WARN_CONSTANT_CONVERSION = YES;
				CLANG_WARN_DIRECT_OBJC_ISA_USAGE = YES_ERROR;
				CLANG_WARN_EMPTY_BODY = YES;
				CLANG_WARN_ENUM_CONVERSION = YES;
				CLANG_WARN_INT_CONVERSION = YES;
				CLANG_WARN_OBJC_ROOT_CLASS = YES_ERROR;
				CLANG_WARN_UNREACHABLE_CODE = YES;
				CLANG_WARN__DUPLICATE_METHOD_MATCH = YES;
				"CODE_SIGN_IDENTITY[sdk=iphoneos*]" = "iPhone Developer";
				COPY_PHASE_STRIP = NO;
				DEBUG_INFORMATION_FORMAT = "dwarf-with-dsym";
				ENABLE_NS_ASSERTIONS = NO;
				ENABLE_STRICT_OBJC_MSGSEND = YES;
				GCC_C_LANGUAGE_STANDARD = gnu99;
				GCC_NO_COMMON_BLOCKS = YES;
				GCC_WARN_64_TO_32_BIT_CONVERSION = YES;
				GCC_WARN_ABOUT_RETURN_TYPE = YES_ERROR;
				GCC_WARN_UNDECLARED_SELECTOR = YES;
				GCC_WARN_UNINITIALIZED_AUTOS = YES_AGGRESSIVE;
				GCC_WARN_UNUSED_FUNCTION = YES;
				GCC_WARN_UNUSED_VARIABLE = YES;
				IPHONEOS_DEPLOYMENT_TARGET = 8.3;
				MTL_ENABLE_DEBUG_INFO = NO;
				SDKROOT = iphoneos;
				VALIDATE_PRODUCT = YES;
			};
			name = Release;
		};
		1D1FD67F1B1BFC4A00287FA0 /* Debug */ = {
			isa = XCBuildConfiguration;
			baseConfigurationReference = DD2545F713FEF193EB6D553D /* Pods.debug.xcconfig */;
			buildSettings = {
				ASSETCATALOG_COMPILER_APPICON_NAME = AppIcon;
				CLANG_ENABLE_MODULES = YES;
				CODE_SIGN_IDENTITY = "iPhone Developer";
				"CODE_SIGN_IDENTITY[sdk=iphoneos*]" = "iPhone Developer";
				FRAMEWORK_SEARCH_PATHS = (
					"$(inherited)",
					"$(PROJECT_DIR)",
				);
				INFOPLIST_FILE = GoKid/Info.plist;
				IPHONEOS_DEPLOYMENT_TARGET = 8.2;
				LD_RUNPATH_SEARCH_PATHS = "$(inherited) @executable_path/Frameworks";
				PRODUCT_NAME = "$(TARGET_NAME)";
				PROVISIONING_PROFILE = "";
				SWIFT_OBJC_BRIDGING_HEADER = "GoKid/GoKid-Bridging-Header.h";
				SWIFT_OPTIMIZATION_LEVEL = "-Onone";
			};
			name = Debug;
		};
		1D1FD6801B1BFC4A00287FA0 /* Release */ = {
			isa = XCBuildConfiguration;
			baseConfigurationReference = 93CC9E48A48DAB1946EA9A2A /* Pods.release.xcconfig */;
			buildSettings = {
				ASSETCATALOG_COMPILER_APPICON_NAME = AppIcon;
				CLANG_ENABLE_MODULES = YES;
				CODE_SIGN_IDENTITY = "iPhone Distribution: Gbadebowale Olaosebikan (CM6PMSRH33)";
				"CODE_SIGN_IDENTITY[sdk=iphoneos*]" = "iPhone Distribution: Gbadebowale Olaosebikan (CM6PMSRH33)";
				FRAMEWORK_SEARCH_PATHS = (
					"$(inherited)",
					"$(PROJECT_DIR)",
				);
				INFOPLIST_FILE = GoKid/Info.plist;
				IPHONEOS_DEPLOYMENT_TARGET = 8.2;
				LD_RUNPATH_SEARCH_PATHS = "$(inherited) @executable_path/Frameworks";
				PRODUCT_NAME = "$(TARGET_NAME)";
				PROVISIONING_PROFILE = "1bf19722-eae8-4dd4-a066-25e9a144b56f";
				SWIFT_OBJC_BRIDGING_HEADER = "GoKid/GoKid-Bridging-Header.h";
			};
			name = Release;
		};
		1D1FD6821B1BFC4A00287FA0 /* Debug */ = {
			isa = XCBuildConfiguration;
			buildSettings = {
				BUNDLE_LOADER = "$(TEST_HOST)";
				FRAMEWORK_SEARCH_PATHS = (
					"$(SDKROOT)/Developer/Library/Frameworks",
					"$(inherited)",
				);
				GCC_PREPROCESSOR_DEFINITIONS = (
					"DEBUG=1",
					"$(inherited)",
				);
				INFOPLIST_FILE = GoKidTests/Info.plist;
				LD_RUNPATH_SEARCH_PATHS = "$(inherited) @executable_path/Frameworks @loader_path/Frameworks";
				PRODUCT_NAME = "$(TARGET_NAME)";
				TEST_HOST = "$(BUILT_PRODUCTS_DIR)/GoKid.app/GoKid";
			};
			name = Debug;
		};
		1D1FD6831B1BFC4A00287FA0 /* Release */ = {
			isa = XCBuildConfiguration;
			buildSettings = {
				BUNDLE_LOADER = "$(TEST_HOST)";
				FRAMEWORK_SEARCH_PATHS = (
					"$(SDKROOT)/Developer/Library/Frameworks",
					"$(inherited)",
				);
				INFOPLIST_FILE = GoKidTests/Info.plist;
				LD_RUNPATH_SEARCH_PATHS = "$(inherited) @executable_path/Frameworks @loader_path/Frameworks";
				PRODUCT_NAME = "$(TARGET_NAME)";
				TEST_HOST = "$(BUILT_PRODUCTS_DIR)/GoKid.app/GoKid";
			};
			name = Release;
		};
/* End XCBuildConfiguration section */

/* Begin XCConfigurationList section */
		1D1FD65A1B1BFC4A00287FA0 /* Build configuration list for PBXProject "GoKid" */ = {
			isa = XCConfigurationList;
			buildConfigurations = (
				1D1FD67C1B1BFC4A00287FA0 /* Debug */,
				1D1FD67D1B1BFC4A00287FA0 /* Release */,
			);
			defaultConfigurationIsVisible = 0;
			defaultConfigurationName = Release;
		};
		1D1FD67E1B1BFC4A00287FA0 /* Build configuration list for PBXNativeTarget "GoKid" */ = {
			isa = XCConfigurationList;
			buildConfigurations = (
				1D1FD67F1B1BFC4A00287FA0 /* Debug */,
				1D1FD6801B1BFC4A00287FA0 /* Release */,
			);
			defaultConfigurationIsVisible = 0;
			defaultConfigurationName = Release;
		};
		1D1FD6811B1BFC4A00287FA0 /* Build configuration list for PBXNativeTarget "GoKidTests" */ = {
			isa = XCConfigurationList;
			buildConfigurations = (
				1D1FD6821B1BFC4A00287FA0 /* Debug */,
				1D1FD6831B1BFC4A00287FA0 /* Release */,
			);
			defaultConfigurationIsVisible = 0;
			defaultConfigurationName = Release;
		};
/* End XCConfigurationList section */
	};
	rootObject = 1D1FD6571B1BFC4A00287FA0 /* Project object */;
}
