// !$*UTF8*$!
{
	archiveVersion = 1;
	classes = {
	};
	objectVersion = 46;
	objects = {

/* Begin PBXBuildFile section */
		791BAD501B471236008DC186 /* navmapsTests.swift in Sources */ = {isa = PBXBuildFile; fileRef = 791BAD4F1B471236008DC186 /* navmapsTests.swift */; };
		7929641E1B48881700BE3250 /* MapKit.framework in Frameworks */ = {isa = PBXBuildFile; fileRef = 7929641D1B48881700BE3250 /* MapKit.framework */; };
		792964281B4899A200BE3250 /* AppDelegate.swift in Sources */ = {isa = PBXBuildFile; fileRef = 792964201B4899A200BE3250 /* AppDelegate.swift */; };
		792964291B4899A200BE3250 /* LaunchScreen.xib in Resources */ = {isa = PBXBuildFile; fileRef = 792964211B4899A200BE3250 /* LaunchScreen.xib */; };
		7929642C1B4899A200BE3250 /* Images.xcassets in Resources */ = {isa = PBXBuildFile; fileRef = 792964261B4899A200BE3250 /* Images.xcassets */; };
		7929642D1B4899A200BE3250 /* NavMap.storyboard in Resources */ = {isa = PBXBuildFile; fileRef = 792964271B4899A200BE3250 /* NavMap.storyboard */; };
		792964321B489BEB00BE3250 /* Fontawesome.ttf in Resources */ = {isa = PBXBuildFile; fileRef = 7929642F1B489BEB00BE3250 /* Fontawesome.ttf */; };
		792964331B489BEB00BE3250 /* Raleway-Bold.ttf in Resources */ = {isa = PBXBuildFile; fileRef = 792964301B489BEB00BE3250 /* Raleway-Bold.ttf */; };
		792964341B489BEB00BE3250 /* Raleway-Regular.ttf in Resources */ = {isa = PBXBuildFile; fileRef = 792964311B489BEB00BE3250 /* Raleway-Regular.ttf */; };
		799792FC1B472B0200463FA7 /* DetailMapVC.swift in Sources */ = {isa = PBXBuildFile; fileRef = 799792FB1B472B0200463FA7 /* DetailMapVC.swift */; };
		799792FE1B472B1B00463FA7 /* DrivingModeVC.swift in Sources */ = {isa = PBXBuildFile; fileRef = 799792FD1B472B1B00463FA7 /* DrivingModeVC.swift */; };
/* End PBXBuildFile section */

/* Begin PBXContainerItemProxy section */
		791BAD4A1B471236008DC186 /* PBXContainerItemProxy */ = {
			isa = PBXContainerItemProxy;
			containerPortal = 791BAD2C1B471236008DC186 /* Project object */;
			proxyType = 1;
			remoteGlobalIDString = 791BAD331B471236008DC186;
			remoteInfo = navmaps;
		};
/* End PBXContainerItemProxy section */

/* Begin PBXFileReference section */
		791BAD341B471236008DC186 /* navmaps.app */ = {isa = PBXFileReference; explicitFileType = wrapper.application; includeInIndex = 0; path = navmaps.app; sourceTree = BUILT_PRODUCTS_DIR; };
		791BAD491B471236008DC186 /* navmapsTests.xctest */ = {isa = PBXFileReference; explicitFileType = wrapper.cfbundle; includeInIndex = 0; path = navmapsTests.xctest; sourceTree = BUILT_PRODUCTS_DIR; };
		791BAD4E1B471236008DC186 /* Info.plist */ = {isa = PBXFileReference; lastKnownFileType = text.plist.xml; path = Info.plist; sourceTree = "<group>"; };
		791BAD4F1B471236008DC186 /* navmapsTests.swift */ = {isa = PBXFileReference; lastKnownFileType = sourcecode.swift; path = navmapsTests.swift; sourceTree = "<group>"; };
		7929641D1B48881700BE3250 /* MapKit.framework */ = {isa = PBXFileReference; lastKnownFileType = wrapper.framework; name = MapKit.framework; path = System/Library/Frameworks/MapKit.framework; sourceTree = SDKROOT; };
		792964201B4899A200BE3250 /* AppDelegate.swift */ = {isa = PBXFileReference; fileEncoding = 4; lastKnownFileType = sourcecode.swift; path = AppDelegate.swift; sourceTree = "<group>"; };
		792964221B4899A200BE3250 /* Base */ = {isa = PBXFileReference; lastKnownFileType = file.xib; name = Base; path = Base.lproj/LaunchScreen.xib; sourceTree = "<group>"; };
		792964231B4899A200BE3250 /* Info.plist */ = {isa = PBXFileReference; fileEncoding = 4; lastKnownFileType = text.plist.xml; path = Info.plist; sourceTree = "<group>"; };
		792964241B4899A200BE3250 /* navmaps.entitlements */ = {isa = PBXFileReference; fileEncoding = 4; lastKnownFileType = text.xml; path = navmaps.entitlements; sourceTree = "<group>"; };
		792964261B4899A200BE3250 /* Images.xcassets */ = {isa = PBXFileReference; lastKnownFileType = folder.assetcatalog; path = Images.xcassets; sourceTree = "<group>"; };
		792964271B4899A200BE3250 /* NavMap.storyboard */ = {isa = PBXFileReference; fileEncoding = 4; lastKnownFileType = file.storyboard; path = NavMap.storyboard; sourceTree = "<group>"; };
		7929642F1B489BEB00BE3250 /* Fontawesome.ttf */ = {isa = PBXFileReference; lastKnownFileType = file; path = Fontawesome.ttf; sourceTree = "<group>"; };
		792964301B489BEB00BE3250 /* Raleway-Bold.ttf */ = {isa = PBXFileReference; lastKnownFileType = file; path = "Raleway-Bold.ttf"; sourceTree = "<group>"; };
		792964311B489BEB00BE3250 /* Raleway-Regular.ttf */ = {isa = PBXFileReference; lastKnownFileType = file; path = "Raleway-Regular.ttf"; sourceTree = "<group>"; };
		799792FB1B472B0200463FA7 /* DetailMapVC.swift */ = {isa = PBXFileReference; fileEncoding = 4; lastKnownFileType = sourcecode.swift; path = DetailMapVC.swift; sourceTree = "<group>"; };
		799792FD1B472B1B00463FA7 /* DrivingModeVC.swift */ = {isa = PBXFileReference; fileEncoding = 4; lastKnownFileType = sourcecode.swift; path = DrivingModeVC.swift; sourceTree = "<group>"; };
/* End PBXFileReference section */

/* Begin PBXFrameworksBuildPhase section */
		791BAD311B471236008DC186 /* Frameworks */ = {
			isa = PBXFrameworksBuildPhase;
			buildActionMask = 2147483647;
			files = (
				7929641E1B48881700BE3250 /* MapKit.framework in Frameworks */,
			);
			runOnlyForDeploymentPostprocessing = 0;
		};
		791BAD461B471236008DC186 /* Frameworks */ = {
			isa = PBXFrameworksBuildPhase;
			buildActionMask = 2147483647;
			files = (
			);
			runOnlyForDeploymentPostprocessing = 0;
		};
/* End PBXFrameworksBuildPhase section */

/* Begin PBXGroup section */
		791BAD2B1B471236008DC186 = {
			isa = PBXGroup;
			children = (
				791BAD361B471236008DC186 /* navmaps */,
				791BAD4C1B471236008DC186 /* navmapsTests */,
				791BAD351B471236008DC186 /* Products */,
			);
			sourceTree = "<group>";
		};
		791BAD351B471236008DC186 /* Products */ = {
			isa = PBXGroup;
			children = (
				791BAD341B471236008DC186 /* navmaps.app */,
				791BAD491B471236008DC186 /* navmapsTests.xctest */,
			);
			name = Products;
			sourceTree = "<group>";
		};
		791BAD361B471236008DC186 /* navmaps */ = {
			isa = PBXGroup;
			children = (
				792964251B4899A200BE3250 /* Resources */,
				7929641F1B4899A200BE3250 /* App */,
				791BAD601B4712EF008DC186 /* Data */,
				791BAD611B4712EF008DC186 /* View Controllers */,
				791BAD631B4712EF008DC186 /* Views */,
				7929641D1B48881700BE3250 /* MapKit.framework */,
			);
			path = navmaps;
			sourceTree = "<group>";
		};
		791BAD4C1B471236008DC186 /* navmapsTests */ = {
			isa = PBXGroup;
			children = (
				791BAD4F1B471236008DC186 /* navmapsTests.swift */,
				791BAD4D1B471236008DC186 /* Supporting Files */,
			);
			path = navmapsTests;
			sourceTree = "<group>";
		};
		791BAD4D1B471236008DC186 /* Supporting Files */ = {
			isa = PBXGroup;
			children = (
				791BAD4E1B471236008DC186 /* Info.plist */,
			);
			name = "Supporting Files";
			sourceTree = "<group>";
		};
		791BAD601B4712EF008DC186 /* Data */ = {
			isa = PBXGroup;
			children = (
			);
			path = Data;
			sourceTree = "<group>";
		};
		791BAD611B4712EF008DC186 /* View Controllers */ = {
			isa = PBXGroup;
			children = (
				799792FB1B472B0200463FA7 /* DetailMapVC.swift */,
				799792FD1B472B1B00463FA7 /* DrivingModeVC.swift */,
			);
			path = "View Controllers";
			sourceTree = "<group>";
		};
		791BAD631B4712EF008DC186 /* Views */ = {
			isa = PBXGroup;
			children = (
			);
			path = Views;
			sourceTree = "<group>";
		};
		7929641F1B4899A200BE3250 /* App */ = {
			isa = PBXGroup;
			children = (
				792964201B4899A200BE3250 /* AppDelegate.swift */,
				792964211B4899A200BE3250 /* LaunchScreen.xib */,
				792964231B4899A200BE3250 /* Info.plist */,
				792964241B4899A200BE3250 /* navmaps.entitlements */,
			);
			path = App;
			sourceTree = "<group>";
		};
		792964251B4899A200BE3250 /* Resources */ = {
			isa = PBXGroup;
			children = (
				7929642E1B489BEB00BE3250 /* Fonts */,
				792964261B4899A200BE3250 /* Images.xcassets */,
				792964271B4899A200BE3250 /* NavMap.storyboard */,
			);
			path = Resources;
			sourceTree = "<group>";
		};
		7929642E1B489BEB00BE3250 /* Fonts */ = {
			isa = PBXGroup;
			children = (
				7929642F1B489BEB00BE3250 /* Fontawesome.ttf */,
				792964301B489BEB00BE3250 /* Raleway-Bold.ttf */,
				792964311B489BEB00BE3250 /* Raleway-Regular.ttf */,
			);
			path = Fonts;
			sourceTree = "<group>";
		};
/* End PBXGroup section */

/* Begin PBXNativeTarget section */
		791BAD331B471236008DC186 /* navmaps */ = {
			isa = PBXNativeTarget;
			buildConfigurationList = 791BAD531B471236008DC186 /* Build configuration list for PBXNativeTarget "navmaps" */;
			buildPhases = (
				791BAD301B471236008DC186 /* Sources */,
				791BAD311B471236008DC186 /* Frameworks */,
				791BAD321B471236008DC186 /* Resources */,
			);
			buildRules = (
			);
			dependencies = (
			);
			name = navmaps;
			productName = navmaps;
			productReference = 791BAD341B471236008DC186 /* navmaps.app */;
			productType = "com.apple.product-type.application";
		};
		791BAD481B471236008DC186 /* navmapsTests */ = {
			isa = PBXNativeTarget;
			buildConfigurationList = 791BAD561B471236008DC186 /* Build configuration list for PBXNativeTarget "navmapsTests" */;
			buildPhases = (
				791BAD451B471236008DC186 /* Sources */,
				791BAD461B471236008DC186 /* Frameworks */,
				791BAD471B471236008DC186 /* Resources */,
			);
			buildRules = (
			);
			dependencies = (
				791BAD4B1B471236008DC186 /* PBXTargetDependency */,
			);
			name = navmapsTests;
			productName = navmapsTests;
			productReference = 791BAD491B471236008DC186 /* navmapsTests.xctest */;
			productType = "com.apple.product-type.bundle.unit-test";
		};
/* End PBXNativeTarget section */

/* Begin PBXProject section */
		791BAD2C1B471236008DC186 /* Project object */ = {
			isa = PBXProject;
			attributes = {
				LastUpgradeCheck = 0630;
				ORGANIZATIONNAME = "Gigster Inc";
				TargetAttributes = {
					791BAD331B471236008DC186 = {
						CreatedOnToolsVersion = 6.3.1;
						DevelopmentTeam = F5R7MTM787;
						SystemCapabilities = {
							com.apple.WAC = {
								enabled = 0;
							};
						};
					};
					791BAD481B471236008DC186 = {
						CreatedOnToolsVersion = 6.3.1;
						TestTargetID = 791BAD331B471236008DC186;
					};
				};
			};
			buildConfigurationList = 791BAD2F1B471236008DC186 /* Build configuration list for PBXProject "navmaps" */;
			compatibilityVersion = "Xcode 3.2";
			developmentRegion = English;
			hasScannedForEncodings = 0;
			knownRegions = (
				en,
				Base,
			);
			mainGroup = 791BAD2B1B471236008DC186;
			productRefGroup = 791BAD351B471236008DC186 /* Products */;
			projectDirPath = "";
			projectRoot = "";
			targets = (
				791BAD331B471236008DC186 /* navmaps */,
				791BAD481B471236008DC186 /* navmapsTests */,
			);
		};
/* End PBXProject section */

/* Begin PBXResourcesBuildPhase section */
		791BAD321B471236008DC186 /* Resources */ = {
			isa = PBXResourcesBuildPhase;
			buildActionMask = 2147483647;
			files = (
				7929642D1B4899A200BE3250 /* NavMap.storyboard in Resources */,
				792964341B489BEB00BE3250 /* Raleway-Regular.ttf in Resources */,
				7929642C1B4899A200BE3250 /* Images.xcassets in Resources */,
				792964291B4899A200BE3250 /* LaunchScreen.xib in Resources */,
				792964331B489BEB00BE3250 /* Raleway-Bold.ttf in Resources */,
				792964321B489BEB00BE3250 /* Fontawesome.ttf in Resources */,
			);
			runOnlyForDeploymentPostprocessing = 0;
		};
		791BAD471B471236008DC186 /* Resources */ = {
			isa = PBXResourcesBuildPhase;
			buildActionMask = 2147483647;
			files = (
			);
			runOnlyForDeploymentPostprocessing = 0;
		};
/* End PBXResourcesBuildPhase section */

/* Begin PBXSourcesBuildPhase section */
		791BAD301B471236008DC186 /* Sources */ = {
			isa = PBXSourcesBuildPhase;
			buildActionMask = 2147483647;
			files = (
				792964281B4899A200BE3250 /* AppDelegate.swift in Sources */,
				799792FC1B472B0200463FA7 /* DetailMapVC.swift in Sources */,
				799792FE1B472B1B00463FA7 /* DrivingModeVC.swift in Sources */,
			);
			runOnlyForDeploymentPostprocessing = 0;
		};
		791BAD451B471236008DC186 /* Sources */ = {
			isa = PBXSourcesBuildPhase;
			buildActionMask = 2147483647;
			files = (
				791BAD501B471236008DC186 /* navmapsTests.swift in Sources */,
			);
			runOnlyForDeploymentPostprocessing = 0;
		};
/* End PBXSourcesBuildPhase section */

/* Begin PBXTargetDependency section */
		791BAD4B1B471236008DC186 /* PBXTargetDependency */ = {
			isa = PBXTargetDependency;
			target = 791BAD331B471236008DC186 /* navmaps */;
			targetProxy = 791BAD4A1B471236008DC186 /* PBXContainerItemProxy */;
		};
/* End PBXTargetDependency section */

/* Begin PBXVariantGroup section */
		792964211B4899A200BE3250 /* LaunchScreen.xib */ = {
			isa = PBXVariantGroup;
			children = (
				792964221B4899A200BE3250 /* Base */,
			);
			name = LaunchScreen.xib;
			sourceTree = "<group>";
		};
/* End PBXVariantGroup section */

/* Begin XCBuildConfiguration section */
		791BAD511B471236008DC186 /* Debug */ = {
			isa = XCBuildConfiguration;
			buildSettings = {
				ALWAYS_SEARCH_USER_PATHS = NO;
				CLANG_CXX_LANGUAGE_STANDARD = "gnu++0x";
				CLANG_CXX_LIBRARY = "libc++";
				CLANG_ENABLE_MODULES = YES;
				CLANG_ENABLE_OBJC_ARC = YES;
				CLANG_WARN_BOOL_CONVERSION = YES;
				CLANG_WARN_CONSTANT_CONVERSION = YES;
				CLANG_WARN_DIRECT_OBJC_ISA_USAGE = YES_ERROR;
				CLANG_WARN_EMPTY_BODY = YES;
				CLANG_WARN_ENUM_CONVERSION = YES;
				CLANG_WARN_INT_CONVERSION = YES;
				CLANG_WARN_OBJC_ROOT_CLASS = YES_ERROR;
				CLANG_WARN_UNREACHABLE_CODE = YES;
				CLANG_WARN__DUPLICATE_METHOD_MATCH = YES;
				"CODE_SIGN_IDENTITY[sdk=iphoneos*]" = "iPhone Developer";
				COPY_PHASE_STRIP = NO;
				DEBUG_INFORMATION_FORMAT = "dwarf-with-dsym";
				ENABLE_STRICT_OBJC_MSGSEND = YES;
				GCC_C_LANGUAGE_STANDARD = gnu99;
				GCC_DYNAMIC_NO_PIC = NO;
				GCC_NO_COMMON_BLOCKS = YES;
				GCC_OPTIMIZATION_LEVEL = 0;
				GCC_PREPROCESSOR_DEFINITIONS = (
					"DEBUG=1",
					"$(inherited)",
				);
				GCC_SYMBOLS_PRIVATE_EXTERN = NO;
				GCC_WARN_64_TO_32_BIT_CONVERSION = YES;
				GCC_WARN_ABOUT_RETURN_TYPE = YES_ERROR;
				GCC_WARN_UNDECLARED_SELECTOR = YES;
				GCC_WARN_UNINITIALIZED_AUTOS = YES_AGGRESSIVE;
				GCC_WARN_UNUSED_FUNCTION = YES;
				GCC_WARN_UNUSED_VARIABLE = YES;
				IPHONEOS_DEPLOYMENT_TARGET = 8.3;
				MTL_ENABLE_DEBUG_INFO = YES;
				ONLY_ACTIVE_ARCH = YES;
				SDKROOT = iphoneos;
				SWIFT_OPTIMIZATION_LEVEL = "-Onone";
				TARGETED_DEVICE_FAMILY = "1,2";
			};
			name = Debug;
		};
		791BAD521B471236008DC186 /* Release */ = {
			isa = XCBuildConfiguration;
			buildSettings = {
				ALWAYS_SEARCH_USER_PATHS = NO;
				CLANG_CXX_LANGUAGE_STANDARD = "gnu++0x";
				CLANG_CXX_LIBRARY = "libc++";
				CLANG_ENABLE_MODULES = YES;
				CLANG_ENABLE_OBJC_ARC = YES;
				CLANG_WARN_BOOL_CONVERSION = YES;
				CLANG_WARN_CONSTANT_CONVERSION = YES;
				CLANG_WARN_DIRECT_OBJC_ISA_USAGE = YES_ERROR;
				CLANG_WARN_EMPTY_BODY = YES;
				CLANG_WARN_ENUM_CONVERSION = YES;
				CLANG_WARN_INT_CONVERSION = YES;
				CLANG_WARN_OBJC_ROOT_CLASS = YES_ERROR;
				CLANG_WARN_UNREACHABLE_CODE = YES;
				CLANG_WARN__DUPLICATE_METHOD_MATCH = YES;
				"CODE_SIGN_IDENTITY[sdk=iphoneos*]" = "iPhone Developer";
				COPY_PHASE_STRIP = NO;
				DEBUG_INFORMATION_FORMAT = "dwarf-with-dsym";
				ENABLE_NS_ASSERTIONS = NO;
				ENABLE_STRICT_OBJC_MSGSEND = YES;
				GCC_C_LANGUAGE_STANDARD = gnu99;
				GCC_NO_COMMON_BLOCKS = YES;
				GCC_WARN_64_TO_32_BIT_CONVERSION = YES;
				GCC_WARN_ABOUT_RETURN_TYPE = YES_ERROR;
				GCC_WARN_UNDECLARED_SELECTOR = YES;
				GCC_WARN_UNINITIALIZED_AUTOS = YES_AGGRESSIVE;
				GCC_WARN_UNUSED_FUNCTION = YES;
				GCC_WARN_UNUSED_VARIABLE = YES;
				IPHONEOS_DEPLOYMENT_TARGET = 8.3;
				MTL_ENABLE_DEBUG_INFO = NO;
				SDKROOT = iphoneos;
				TARGETED_DEVICE_FAMILY = "1,2";
				VALIDATE_PRODUCT = YES;
			};
			name = Release;
		};
		791BAD541B471236008DC186 /* Debug */ = {
			isa = XCBuildConfiguration;
			buildSettings = {
				ASSETCATALOG_COMPILER_APPICON_NAME = AppIcon;
				CODE_SIGN_ENTITLEMENTS = navmaps/App/navmaps.entitlements;
				CODE_SIGN_IDENTITY = "iPhone Developer";
				"CODE_SIGN_IDENTITY[sdk=iphoneos*]" = "iPhone Developer";
				INFOPLIST_FILE = "$(SRCROOT)/navmaps/App/Info.plist";
				LD_RUNPATH_SEARCH_PATHS = "$(inherited) @executable_path/Frameworks";
				PRODUCT_NAME = "$(TARGET_NAME)";
				PROVISIONING_PROFILE = "";
			};
			name = Debug;
		};
		791BAD551B471236008DC186 /* Release */ = {
			isa = XCBuildConfiguration;
			buildSettings = {
				ASSETCATALOG_COMPILER_APPICON_NAME = AppIcon;
				CODE_SIGN_ENTITLEMENTS = navmaps/App/navmaps.entitlements;
				CODE_SIGN_IDENTITY = "iPhone Developer";
				"CODE_SIGN_IDENTITY[sdk=iphoneos*]" = "iPhone Developer";
				INFOPLIST_FILE = "$(SRCROOT)/navmaps/App/Info.plist";
				LD_RUNPATH_SEARCH_PATHS = "$(inherited) @executable_path/Frameworks";
				PRODUCT_NAME = "$(TARGET_NAME)";
				PROVISIONING_PROFILE = "";
			};
			name = Release;
		};
		791BAD571B471236008DC186 /* Debug */ = {
			isa = XCBuildConfiguration;
			buildSettings = {
				BUNDLE_LOADER = "$(TEST_HOST)";
				CODE_SIGN_ENTITLEMENTS = navmaps/App/navmaps.entitlements;
				FRAMEWORK_SEARCH_PATHS = (
					"$(SDKROOT)/Developer/Library/Frameworks",
					"$(inherited)",
				);
				GCC_PREPROCESSOR_DEFINITIONS = (
					"DEBUG=1",
					"$(inherited)",
				);
				INFOPLIST_FILE = navmapsTests/Info.plist;
				LD_RUNPATH_SEARCH_PATHS = "$(inherited) @executable_path/Frameworks @loader_path/Frameworks";
				PRODUCT_NAME = "$(TARGET_NAME)";
				TEST_HOST = "$(BUILT_PRODUCTS_DIR)/navmaps.app/navmaps";
			};
			name = Debug;
		};
		791BAD581B471236008DC186 /* Release */ = {
			isa = XCBuildConfiguration;
			buildSettings = {
				BUNDLE_LOADER = "$(TEST_HOST)";
				CODE_SIGN_ENTITLEMENTS = navmaps/App/navmaps.entitlements;
				FRAMEWORK_SEARCH_PATHS = (
					"$(SDKROOT)/Developer/Library/Frameworks",
					"$(inherited)",
				);
				INFOPLIST_FILE = navmapsTests/Info.plist;
				LD_RUNPATH_SEARCH_PATHS = "$(inherited) @executable_path/Frameworks @loader_path/Frameworks";
				PRODUCT_NAME = "$(TARGET_NAME)";
				TEST_HOST = "$(BUILT_PRODUCTS_DIR)/navmaps.app/navmaps";
			};
			name = Release;
		};
/* End XCBuildConfiguration section */

/* Begin XCConfigurationList section */
		791BAD2F1B471236008DC186 /* Build configuration list for PBXProject "navmaps" */ = {
			isa = XCConfigurationList;
			buildConfigurations = (
				791BAD511B471236008DC186 /* Debug */,
				791BAD521B471236008DC186 /* Release */,
			);
			defaultConfigurationIsVisible = 0;
			defaultConfigurationName = Release;
		};
		791BAD531B471236008DC186 /* Build configuration list for PBXNativeTarget "navmaps" */ = {
			isa = XCConfigurationList;
			buildConfigurations = (
				791BAD541B471236008DC186 /* Debug */,
				791BAD551B471236008DC186 /* Release */,
			);
			defaultConfigurationIsVisible = 0;
			defaultConfigurationName = Release;
		};
		791BAD561B471236008DC186 /* Build configuration list for PBXNativeTarget "navmapsTests" */ = {
			isa = XCConfigurationList;
			buildConfigurations = (
				791BAD571B471236008DC186 /* Debug */,
				791BAD581B471236008DC186 /* Release */,
			);
			defaultConfigurationIsVisible = 0;
			defaultConfigurationName = Release;
		};
/* End XCConfigurationList section */
	};
	rootObject = 791BAD2C1B471236008DC186 /* Project object */;
}
